// !$*UTF8*$!
{
	archiveVersion = 1;
	classes = {
	};
	objectVersion = 46;
	objects = {

/* Begin PBXBuildFile section */
		6207EC2C196DF2CB00124536 /* CCActionFollow+CurrentOffset.m in Sources */ = {isa = PBXBuildFile; fileRef = 6207EC2B196DF2CB00124536 /* CCActionFollow+CurrentOffset.m */; };
		6224FEE519A736DF000D38A3 /* Accounts.framework in Frameworks */ = {isa = PBXBuildFile; fileRef = 6224FEE419A736DF000D38A3 /* Accounts.framework */; settings = {ATTRIBUTES = (Weak, ); }; };
		6224FEE819A736EE000D38A3 /* AdSupport.framework in Frameworks */ = {isa = PBXBuildFile; fileRef = 6224FEE719A736EE000D38A3 /* AdSupport.framework */; settings = {ATTRIBUTES = (Weak, ); }; };
		6224FEEA19A736F7000D38A3 /* CFNetwork.framework in Frameworks */ = {isa = PBXBuildFile; fileRef = 6224FEE919A736F7000D38A3 /* CFNetwork.framework */; };
		6224FEEC19A736FE000D38A3 /* CoreTelephony.framework in Frameworks */ = {isa = PBXBuildFile; fileRef = 6224FEEB19A736FE000D38A3 /* CoreTelephony.framework */; };
		6224FEEE19A73709000D38A3 /* libicucore.dylib in Frameworks */ = {isa = PBXBuildFile; fileRef = 6224FEED19A73709000D38A3 /* libicucore.dylib */; };
		6224FEF019A73711000D38A3 /* MessageUI.framework in Frameworks */ = {isa = PBXBuildFile; fileRef = 6224FEEF19A73711000D38A3 /* MessageUI.framework */; };
		6224FEF219A73719000D38A3 /* Security.framework in Frameworks */ = {isa = PBXBuildFile; fileRef = 6224FEF119A73719000D38A3 /* Security.framework */; };
		6224FEF419A7371F000D38A3 /* Social.framework in Frameworks */ = {isa = PBXBuildFile; fileRef = 6224FEF319A7371F000D38A3 /* Social.framework */; settings = {ATTRIBUTES = (Weak, ); }; };
		6224FEF619A73725000D38A3 /* StoreKit.framework in Frameworks */ = {isa = PBXBuildFile; fileRef = 6224FEF519A73725000D38A3 /* StoreKit.framework */; };
		6224FEF819A7372C000D38A3 /* SystemConfiguration.framework in Frameworks */ = {isa = PBXBuildFile; fileRef = 6224FEF719A7372C000D38A3 /* SystemConfiguration.framework */; };
		6224FEFA19A73731000D38A3 /* Twitter.framework in Frameworks */ = {isa = PBXBuildFile; fileRef = 6224FEF919A73731000D38A3 /* Twitter.framework */; settings = {ATTRIBUTES = (Weak, ); }; };
		6224FF4819A73A63000D38A3 /* mgwuSDK.framework in Frameworks */ = {isa = PBXBuildFile; fileRef = 6224FF0119A73A63000D38A3 /* mgwuSDK.framework */; };
		6224FF4919A73A63000D38A3 /* aqua.png in Resources */ = {isa = PBXBuildFile; fileRef = 6224FF0319A73A63000D38A3 /* aqua.png */; };
		6224FF4A19A73A63000D38A3 /* bluechatbubble.png in Resources */ = {isa = PBXBuildFile; fileRef = 6224FF0419A73A63000D38A3 /* bluechatbubble.png */; };
		6224FF4B19A73A63000D38A3 /* CrossPromoViewController.nib in Resources */ = {isa = PBXBuildFile; fileRef = 6224FF0519A73A63000D38A3 /* CrossPromoViewController.nib */; };
		6224FF4C19A73A63000D38A3 /* FacebookIcon.png in Resources */ = {isa = PBXBuildFile; fileRef = 6224FF0619A73A63000D38A3 /* FacebookIcon.png */; };
		6224FF4D19A73A63000D38A3 /* fb_connect.png in Resources */ = {isa = PBXBuildFile; fileRef = 6224FF0719A73A63000D38A3 /* fb_connect.png */; };
		6224FF4E19A73A63000D38A3 /* FBLoginButton.png in Resources */ = {isa = PBXBuildFile; fileRef = 6224FF0819A73A63000D38A3 /* FBLoginButton.png */; };
		6224FF4F19A73A63000D38A3 /* FBLoginButton@2x.png in Resources */ = {isa = PBXBuildFile; fileRef = 6224FF0919A73A63000D38A3 /* FBLoginButton@2x.png */; };
		6224FF5019A73A63000D38A3 /* FBLoginButtonPressed.png in Resources */ = {isa = PBXBuildFile; fileRef = 6224FF0A19A73A63000D38A3 /* FBLoginButtonPressed.png */; };
		6224FF5119A73A63000D38A3 /* FBLoginButtonPressed@2x.png in Resources */ = {isa = PBXBuildFile; fileRef = 6224FF0B19A73A63000D38A3 /* FBLoginButtonPressed@2x.png */; };
		6224FF5219A73A63000D38A3 /* FBNoThanksButton.png in Resources */ = {isa = PBXBuildFile; fileRef = 6224FF0C19A73A63000D38A3 /* FBNoThanksButton.png */; };
		6224FF5319A73A63000D38A3 /* FBNoThanksButton@2x.png in Resources */ = {isa = PBXBuildFile; fileRef = 6224FF0D19A73A63000D38A3 /* FBNoThanksButton@2x.png */; };
		6224FF5419A73A63000D38A3 /* FBNoThanksButtonPressed.png in Resources */ = {isa = PBXBuildFile; fileRef = 6224FF0E19A73A63000D38A3 /* FBNoThanksButtonPressed.png */; };
		6224FF5519A73A63000D38A3 /* FBNoThanksButtonPressed@2x.png in Resources */ = {isa = PBXBuildFile; fileRef = 6224FF0F19A73A63000D38A3 /* FBNoThanksButtonPressed@2x.png */; };
		6224FF5619A73A63000D38A3 /* green.png in Resources */ = {isa = PBXBuildFile; fileRef = 6224FF1019A73A63000D38A3 /* green.png */; };
		6224FF5719A73A63000D38A3 /* grey-background.png in Resources */ = {isa = PBXBuildFile; fileRef = 6224FF1119A73A63000D38A3 /* grey-background.png */; };
		6224FF5819A73A63000D38A3 /* hipmob.back.btn.png in Resources */ = {isa = PBXBuildFile; fileRef = 6224FF1219A73A63000D38A3 /* hipmob.back.btn.png */; };
		6224FF5919A73A63000D38A3 /* hipmob.send.png in Resources */ = {isa = PBXBuildFile; fileRef = 6224FF1319A73A63000D38A3 /* hipmob.send.png */; };
		6224FF5A19A73A63000D38A3 /* hipmobsend_field.png in Resources */ = {isa = PBXBuildFile; fileRef = 6224FF1419A73A63000D38A3 /* hipmobsend_field.png */; };
		6224FF5B19A73A63000D38A3 /* hipmobsend_field@2x.png in Resources */ = {isa = PBXBuildFile; fileRef = 6224FF1519A73A63000D38A3 /* hipmobsend_field@2x.png */; };
		6224FF5C19A73A63000D38A3 /* mgwu-gk-notification.png in Resources */ = {isa = PBXBuildFile; fileRef = 6224FF1619A73A63000D38A3 /* mgwu-gk-notification.png */; };
		6224FF5D19A73A63000D38A3 /* mgwu-gk-notification@2x.png in Resources */ = {isa = PBXBuildFile; fileRef = 6224FF1719A73A63000D38A3 /* mgwu-gk-notification@2x.png */; };
		6224FF5E19A73A63000D38A3 /* mgwu-m.png in Resources */ = {isa = PBXBuildFile; fileRef = 6224FF1819A73A63000D38A3 /* mgwu-m.png */; };
		6224FF5F19A73A63000D38A3 /* mgwu-m@2x.png in Resources */ = {isa = PBXBuildFile; fileRef = 6224FF1919A73A63000D38A3 /* mgwu-m@2x.png */; };
		6224FF6019A73A63000D38A3 /* MGWUAboutFooter-Landscape-568h@2x~iphone.png in Resources */ = {isa = PBXBuildFile; fileRef = 6224FF1A19A73A63000D38A3 /* MGWUAboutFooter-Landscape-568h@2x~iphone.png */; };
		6224FF6119A73A63000D38A3 /* MGWUAboutFooter-Landscape@2x~ipad.png in Resources */ = {isa = PBXBuildFile; fileRef = 6224FF1B19A73A63000D38A3 /* MGWUAboutFooter-Landscape@2x~ipad.png */; };
		6224FF6219A73A63000D38A3 /* MGWUAboutFooter-Landscape@2x~iphone.png in Resources */ = {isa = PBXBuildFile; fileRef = 6224FF1C19A73A63000D38A3 /* MGWUAboutFooter-Landscape@2x~iphone.png */; };
		6224FF6319A73A63000D38A3 /* MGWUAboutFooter-Landscape~ipad.png in Resources */ = {isa = PBXBuildFile; fileRef = 6224FF1D19A73A63000D38A3 /* MGWUAboutFooter-Landscape~ipad.png */; };
		6224FF6419A73A63000D38A3 /* MGWUAboutFooter-Landscape~iphone.png in Resources */ = {isa = PBXBuildFile; fileRef = 6224FF1E19A73A63000D38A3 /* MGWUAboutFooter-Landscape~iphone.png */; };
		6224FF6519A73A63000D38A3 /* MGWUAboutFooter-Portrait@2x~ipad.png in Resources */ = {isa = PBXBuildFile; fileRef = 6224FF1F19A73A63000D38A3 /* MGWUAboutFooter-Portrait@2x~ipad.png */; };
		6224FF6619A73A63000D38A3 /* MGWUAboutFooter-Portrait@2x~iphone.png in Resources */ = {isa = PBXBuildFile; fileRef = 6224FF2019A73A63000D38A3 /* MGWUAboutFooter-Portrait@2x~iphone.png */; };
		6224FF6719A73A63000D38A3 /* MGWUAboutFooter-Portrait~ipad.png in Resources */ = {isa = PBXBuildFile; fileRef = 6224FF2119A73A63000D38A3 /* MGWUAboutFooter-Portrait~ipad.png */; };
		6224FF6819A73A63000D38A3 /* MGWUAboutFooter-Portrait~iphone.png in Resources */ = {isa = PBXBuildFile; fileRef = 6224FF2219A73A63000D38A3 /* MGWUAboutFooter-Portrait~iphone.png */; };
		6224FF6919A73A63000D38A3 /* MGWUBackground-Landscape@2x~ipad.png in Resources */ = {isa = PBXBuildFile; fileRef = 6224FF2319A73A63000D38A3 /* MGWUBackground-Landscape@2x~ipad.png */; };
		6224FF6A19A73A63000D38A3 /* MGWUBackground-Landscape@2x~iphone.png in Resources */ = {isa = PBXBuildFile; fileRef = 6224FF2419A73A63000D38A3 /* MGWUBackground-Landscape@2x~iphone.png */; };
		6224FF6B19A73A63000D38A3 /* MGWUBackground-Landscape~ipad.png in Resources */ = {isa = PBXBuildFile; fileRef = 6224FF2519A73A63000D38A3 /* MGWUBackground-Landscape~ipad.png */; };
		6224FF6C19A73A63000D38A3 /* MGWUBackground-Landscape~iphone.png in Resources */ = {isa = PBXBuildFile; fileRef = 6224FF2619A73A63000D38A3 /* MGWUBackground-Landscape~iphone.png */; };
		6224FF6D19A73A63000D38A3 /* MGWUBackground-Portrait@2x~ipad.png in Resources */ = {isa = PBXBuildFile; fileRef = 6224FF2719A73A63000D38A3 /* MGWUBackground-Portrait@2x~ipad.png */; };
		6224FF6E19A73A63000D38A3 /* MGWUBackground-Portrait@2x~iphone.png in Resources */ = {isa = PBXBuildFile; fileRef = 6224FF2819A73A63000D38A3 /* MGWUBackground-Portrait@2x~iphone.png */; };
		6224FF6F19A73A63000D38A3 /* MGWUBackground-Portrait~ipad.png in Resources */ = {isa = PBXBuildFile; fileRef = 6224FF2919A73A63000D38A3 /* MGWUBackground-Portrait~ipad.png */; };
		6224FF7019A73A63000D38A3 /* MGWUBackground-Portrait~iphone.png in Resources */ = {isa = PBXBuildFile; fileRef = 6224FF2A19A73A63000D38A3 /* MGWUBackground-Portrait~iphone.png */; };
		6224FF7119A73A63000D38A3 /* MGWUBackgroundDark-Landscape@2x~ipad.png in Resources */ = {isa = PBXBuildFile; fileRef = 6224FF2B19A73A63000D38A3 /* MGWUBackgroundDark-Landscape@2x~ipad.png */; };
		6224FF7219A73A63000D38A3 /* MGWUBackgroundDark-Landscape@2x~iphone.png in Resources */ = {isa = PBXBuildFile; fileRef = 6224FF2C19A73A63000D38A3 /* MGWUBackgroundDark-Landscape@2x~iphone.png */; };
		6224FF7319A73A63000D38A3 /* MGWUBackgroundDark-Landscape~ipad.png in Resources */ = {isa = PBXBuildFile; fileRef = 6224FF2D19A73A63000D38A3 /* MGWUBackgroundDark-Landscape~ipad.png */; };
		6224FF7419A73A63000D38A3 /* MGWUBackgroundDark-Landscape~iphone.png in Resources */ = {isa = PBXBuildFile; fileRef = 6224FF2E19A73A63000D38A3 /* MGWUBackgroundDark-Landscape~iphone.png */; };
		6224FF7519A73A63000D38A3 /* MGWUBackgroundDark-Portrait@2x~ipad.png in Resources */ = {isa = PBXBuildFile; fileRef = 6224FF2F19A73A63000D38A3 /* MGWUBackgroundDark-Portrait@2x~ipad.png */; };
		6224FF7619A73A63000D38A3 /* MGWUBackgroundDark-Portrait@2x~iphone.png in Resources */ = {isa = PBXBuildFile; fileRef = 6224FF3019A73A63000D38A3 /* MGWUBackgroundDark-Portrait@2x~iphone.png */; };
		6224FF7719A73A63000D38A3 /* MGWUBackgroundDark-Portrait~ipad.png in Resources */ = {isa = PBXBuildFile; fileRef = 6224FF3119A73A63000D38A3 /* MGWUBackgroundDark-Portrait~ipad.png */; };
		6224FF7819A73A63000D38A3 /* MGWUBackgroundDark-Portrait~iphone.png in Resources */ = {isa = PBXBuildFile; fileRef = 6224FF3219A73A63000D38A3 /* MGWUBackgroundDark-Portrait~iphone.png */; };
		6224FF7919A73A63000D38A3 /* MGWUClose.png in Resources */ = {isa = PBXBuildFile; fileRef = 6224FF3319A73A63000D38A3 /* MGWUClose.png */; };
		6224FF7A19A73A63000D38A3 /* MGWUClose@2x.png in Resources */ = {isa = PBXBuildFile; fileRef = 6224FF3419A73A63000D38A3 /* MGWUClose@2x.png */; };
		6224FF7B19A73A63000D38A3 /* MGWUFacebookLoginLandscape.nib in Resources */ = {isa = PBXBuildFile; fileRef = 6224FF3519A73A63000D38A3 /* MGWUFacebookLoginLandscape.nib */; };
		6224FF7C19A73A63000D38A3 /* MGWUFacebookLoginLandscapeDark.nib in Resources */ = {isa = PBXBuildFile; fileRef = 6224FF3619A73A63000D38A3 /* MGWUFacebookLoginLandscapeDark.nib */; };
		6224FF7D19A73A63000D38A3 /* MGWUFacebookLoginPortrait.nib in Resources */ = {isa = PBXBuildFile; fileRef = 6224FF3719A73A63000D38A3 /* MGWUFacebookLoginPortrait.nib */; };
		6224FF7E19A73A63000D38A3 /* MGWUFacebookLoginPortraitDark.nib in Resources */ = {isa = PBXBuildFile; fileRef = 6224FF3819A73A63000D38A3 /* MGWUFacebookLoginPortraitDark.nib */; };
		6224FF7F19A73A63000D38A3 /* mgwuLogo.png in Resources */ = {isa = PBXBuildFile; fileRef = 6224FF3919A73A63000D38A3 /* mgwuLogo.png */; };
		6224FF8019A73A63000D38A3 /* mgwuLogo@2x.png in Resources */ = {isa = PBXBuildFile; fileRef = 6224FF3A19A73A63000D38A3 /* mgwuLogo@2x.png */; };
		6224FF8119A73A63000D38A3 /* mgwuLogoDark.png in Resources */ = {isa = PBXBuildFile; fileRef = 6224FF3B19A73A63000D38A3 /* mgwuLogoDark.png */; };
		6224FF8219A73A63000D38A3 /* mgwuLogoDark@2x.png in Resources */ = {isa = PBXBuildFile; fileRef = 6224FF3C19A73A63000D38A3 /* mgwuLogoDark@2x.png */; };
		6224FF8319A73A63000D38A3 /* mgwuPlaceholderIcon.png in Resources */ = {isa = PBXBuildFile; fileRef = 6224FF3D19A73A63000D38A3 /* mgwuPlaceholderIcon.png */; };
		6224FF8419A73A63000D38A3 /* mgwuPlaceholderIcon@2x.png in Resources */ = {isa = PBXBuildFile; fileRef = 6224FF3E19A73A63000D38A3 /* mgwuPlaceholderIcon@2x.png */; };
		6224FF8519A73A63000D38A3 /* mgwuPlaceholderIconDark.png in Resources */ = {isa = PBXBuildFile; fileRef = 6224FF3F19A73A63000D38A3 /* mgwuPlaceholderIconDark.png */; };
		6224FF8619A73A63000D38A3 /* mgwuPlaceholderIconDark@2x.png in Resources */ = {isa = PBXBuildFile; fileRef = 6224FF4019A73A63000D38A3 /* mgwuPlaceholderIconDark@2x.png */; };
		6224FF8719A73A63000D38A3 /* operator.available.png in Resources */ = {isa = PBXBuildFile; fileRef = 6224FF4119A73A63000D38A3 /* operator.available.png */; };
		6224FF8819A73A63000D38A3 /* operator.connecting.png in Resources */ = {isa = PBXBuildFile; fileRef = 6224FF4219A73A63000D38A3 /* operator.connecting.png */; };
		6224FF8919A73A63000D38A3 /* operator.unavailable.png in Resources */ = {isa = PBXBuildFile; fileRef = 6224FF4319A73A63000D38A3 /* operator.unavailable.png */; };
		6224FF8A19A73A63000D38A3 /* send-button-active.png in Resources */ = {isa = PBXBuildFile; fileRef = 6224FF4419A73A63000D38A3 /* send-button-active.png */; };
		6224FF8B19A73A63000D38A3 /* send-button-inactive.png in Resources */ = {isa = PBXBuildFile; fileRef = 6224FF4519A73A63000D38A3 /* send-button-inactive.png */; };
		6224FF8C19A73A63000D38A3 /* send-button-instate.png in Resources */ = {isa = PBXBuildFile; fileRef = 6224FF4619A73A63000D38A3 /* send-button-instate.png */; };
		6224FF8D19A73A63000D38A3 /* send-field-landscape.png in Resources */ = {isa = PBXBuildFile; fileRef = 6224FF4719A73A63000D38A3 /* send-field-landscape.png */; };
		622812001965F7F2008EEB5F /* Creature.m in Sources */ = {isa = PBXBuildFile; fileRef = 622811FF1965F7F2008EEB5F /* Creature.m */; };
		622E28EB198BD4B600F5C128 /* MoveButton.m in Sources */ = {isa = PBXBuildFile; fileRef = 622E28EA198BD4B600F5C128 /* MoveButton.m */; };
		6232F03E1971EC0C00B62F58 /* SwipeSet.m in Sources */ = {isa = PBXBuildFile; fileRef = 6232F03D1971EC0C00B62F58 /* SwipeSet.m */; };
		6252A2C7199FF166007E11E7 /* DemoScene.m in Sources */ = {isa = PBXBuildFile; fileRef = 6252A2C6199FF166007E11E7 /* DemoScene.m */; };
		6252A2CD19A4316F007E11E7 /* INTRO.mp3 in Resources */ = {isa = PBXBuildFile; fileRef = 6252A2CC19A4316F007E11E7 /* INTRO.mp3 */; };
		6252A2CF19A43408007E11E7 /* Battle.mp3 in Resources */ = {isa = PBXBuildFile; fileRef = 6252A2CE19A43408007E11E7 /* Battle.mp3 */; };
		6252A2D119A437FA007E11E7 /* click.mp3 in Resources */ = {isa = PBXBuildFile; fileRef = 6252A2D019A437FA007E11E7 /* click.mp3 */; };
		62711D57199D3D3B00E822A4 /* Images.xcassets in Resources */ = {isa = PBXBuildFile; fileRef = 62711D56199D3D3B00E822A4 /* Images.xcassets */; };
		62A15655199D52C100FF1B32 /* actual.xcassets in Resources */ = {isa = PBXBuildFile; fileRef = 62A15654199D52C100FF1B32 /* actual.xcassets */; };
		62A15658199E5DEA00FF1B32 /* PopUp3.m in Sources */ = {isa = PBXBuildFile; fileRef = 62A15657199E5DEA00FF1B32 /* PopUp3.m */; };
		62B0BD38197D8373005ED9DE /* README.md in Resources */ = {isa = PBXBuildFile; fileRef = 62B0BD37197D8373005ED9DE /* README.md */; };
		62B0BD3C197DA0D3005ED9DE /* CreatureQueue.m in Sources */ = {isa = PBXBuildFile; fileRef = 62B0BD3B197DA0D3005ED9DE /* CreatureQueue.m */; };
		62B0BD41197EA81F005ED9DE /* GameOver.m in Sources */ = {isa = PBXBuildFile; fileRef = 62B0BD40197EA81F005ED9DE /* GameOver.m */; };
		62B0BD44197F0EF4005ED9DE /* CreatureNode.m in Sources */ = {isa = PBXBuildFile; fileRef = 62B0BD43197F0EF4005ED9DE /* CreatureNode.m */; };
		62B0BD4F198127A4005ED9DE /* ButtonSet.m in Sources */ = {isa = PBXBuildFile; fileRef = 62B0BD4E198127A4005ED9DE /* ButtonSet.m */; };
		62B0BD5219812968005ED9DE /* ButtonOptions.m in Sources */ = {isa = PBXBuildFile; fileRef = 62B0BD5119812968005ED9DE /* ButtonOptions.m */; };
		62B0BD5519812BE8005ED9DE /* PauseMenu.m in Sources */ = {isa = PBXBuildFile; fileRef = 62B0BD5419812BE8005ED9DE /* PauseMenu.m */; };
		62B4D0DD198570A8007790EB /* MyScrollView.m in Sources */ = {isa = PBXBuildFile; fileRef = 62B4D0DC198570A8007790EB /* MyScrollView.m */; };
		62BC5D211989703C001A25D5 /* PopUp.m in Sources */ = {isa = PBXBuildFile; fileRef = 62BC5D201989703C001A25D5 /* PopUp.m */; };
		62BC5D25198AC6A7001A25D5 /* GameData.m in Sources */ = {isa = PBXBuildFile; fileRef = 62BC5D24198AC6A7001A25D5 /* GameData.m */; };
		62BEFCF21978936700B9FFE1 /* Attack.m in Sources */ = {isa = PBXBuildFile; fileRef = 62BEFCF11978936700B9FFE1 /* Attack.m */; };
		62C1EDAA19911A8B002C3600 /* Tutorial.m in Sources */ = {isa = PBXBuildFile; fileRef = 62C1EDA919911A8B002C3600 /* Tutorial.m */; };
		62C1EDAD1992894B002C3600 /* LevelUp.m in Sources */ = {isa = PBXBuildFile; fileRef = 62C1EDAC1992894B002C3600 /* LevelUp.m */; };
		62E42CCF19706AC60009817F /* Intro.m in Sources */ = {isa = PBXBuildFile; fileRef = 62E42CCE19706AC60009817F /* Intro.m */; };
		62E42CD719708CFE0009817F /* DeadBody.m in Sources */ = {isa = PBXBuildFile; fileRef = 62E42CD619708CFE0009817F /* DeadBody.m */; };
		62E42CDE1971489E0009817F /* DataSelect.m in Sources */ = {isa = PBXBuildFile; fileRef = 62E42CDD1971489E0009817F /* DataSelect.m */; };
		62E42CE2197148AD0009817F /* LocationSelect.m in Sources */ = {isa = PBXBuildFile; fileRef = 62E42CE1197148AD0009817F /* LocationSelect.m */; };
		62E42CE419714B9E0009817F /* Property List.plist in Resources */ = {isa = PBXBuildFile; fileRef = 62E42CE319714B9E0009817F /* Property List.plist */; };
		62F3E981197160BB0036F514 /* MoveNode.m in Sources */ = {isa = PBXBuildFile; fileRef = 62F3E980197160BB0036F514 /* MoveNode.m */; };
		62F3E98C19716BB90036F514 /* MoveConfiguration.m in Sources */ = {isa = PBXBuildFile; fileRef = 62F3E98B19716BB90036F514 /* MoveConfiguration.m */; };
		8392007A18EE8E3300B6C429 /* GLKit.framework in Frameworks */ = {isa = PBXBuildFile; fileRef = 8392007918EE8E3300B6C429 /* GLKit.framework */; };
		B71F5911188484E7003F4D28 /* iPad-old.png in Resources */ = {isa = PBXBuildFile; fileRef = B71F5907188484E7003F4D28 /* iPad-old.png */; };
		B71F5912188484E7003F4D28 /* iPad-old@2x.png in Resources */ = {isa = PBXBuildFile; fileRef = B71F5908188484E7003F4D28 /* iPad-old@2x.png */; };
		B71F5913188484E7003F4D28 /* iPad.png in Resources */ = {isa = PBXBuildFile; fileRef = B71F5909188484E7003F4D28 /* iPad.png */; };
		B71F5914188484E7003F4D28 /* iPad@2x.png in Resources */ = {isa = PBXBuildFile; fileRef = B71F590A188484E7003F4D28 /* iPad@2x.png */; };
		B71F5915188484E7003F4D28 /* iPhone-old.png in Resources */ = {isa = PBXBuildFile; fileRef = B71F590B188484E7003F4D28 /* iPhone-old.png */; };
		B71F5916188484E7003F4D28 /* iPhone-old@2x.png in Resources */ = {isa = PBXBuildFile; fileRef = B71F590C188484E7003F4D28 /* iPhone-old@2x.png */; };
		B71F5917188484E7003F4D28 /* iPhone.png in Resources */ = {isa = PBXBuildFile; fileRef = B71F590D188484E7003F4D28 /* iPhone.png */; };
		B71F5918188484E7003F4D28 /* iPhone@2x.png in Resources */ = {isa = PBXBuildFile; fileRef = B71F590E188484E7003F4D28 /* iPhone@2x.png */; };
		B71F5919188484E7003F4D28 /* Settings.png in Resources */ = {isa = PBXBuildFile; fileRef = B71F590F188484E7003F4D28 /* Settings.png */; };
		B71F591A188484E7003F4D28 /* Settings@2x.png in Resources */ = {isa = PBXBuildFile; fileRef = B71F5910188484E7003F4D28 /* Settings@2x.png */; };
		B737893B180761570076A88C /* Published-iOS in Resources */ = {isa = PBXBuildFile; fileRef = B737893A180761570076A88C /* Published-iOS */; };
		B737893F1807617C0076A88C /* AppDelegate.m in Sources */ = {isa = PBXBuildFile; fileRef = B737893E1807617C0076A88C /* AppDelegate.m */; };
		B7378975180762440076A88C /* Default-568h@2x.png in Resources */ = {isa = PBXBuildFile; fileRef = B737896B180762440076A88C /* Default-568h@2x.png */; };
		B7378976180762440076A88C /* Default-Landscape~ipad.png in Resources */ = {isa = PBXBuildFile; fileRef = B737896C180762440076A88C /* Default-Landscape~ipad.png */; };
		B7378977180762440076A88C /* Default.png in Resources */ = {isa = PBXBuildFile; fileRef = B737896D180762440076A88C /* Default.png */; };
		B7378978180762440076A88C /* Default@2x.png in Resources */ = {isa = PBXBuildFile; fileRef = B737896E180762440076A88C /* Default@2x.png */; };
		B73789871807631A0076A88C /* main.m in Sources */ = {isa = PBXBuildFile; fileRef = B73789851807631A0076A88C /* main.m */; };
		B737898A1807642B0076A88C /* libcocos2d.a in Frameworks */ = {isa = PBXBuildFile; fileRef = B737894B180761A90076A88C /* libcocos2d.a */; };
		B7378994180767190076A88C /* MainScene.m in Sources */ = {isa = PBXBuildFile; fileRef = B7378993180767190076A88C /* MainScene.m */; };
		B77F1B3217B978D7009739AE /* QuartzCore.framework in Frameworks */ = {isa = PBXBuildFile; fileRef = B77F1B3117B978D7009739AE /* QuartzCore.framework */; };
		B77F1B3417B978D7009739AE /* OpenGLES.framework in Frameworks */ = {isa = PBXBuildFile; fileRef = B77F1B3317B978D7009739AE /* OpenGLES.framework */; };
		B77F1B3617B978D7009739AE /* OpenAL.framework in Frameworks */ = {isa = PBXBuildFile; fileRef = B77F1B3517B978D7009739AE /* OpenAL.framework */; };
		B77F1B3817B978D7009739AE /* AudioToolbox.framework in Frameworks */ = {isa = PBXBuildFile; fileRef = B77F1B3717B978D7009739AE /* AudioToolbox.framework */; };
		B77F1B3A17B978D7009739AE /* AVFoundation.framework in Frameworks */ = {isa = PBXBuildFile; fileRef = B77F1B3917B978D7009739AE /* AVFoundation.framework */; };
		B77F1B3C17B978D7009739AE /* UIKit.framework in Frameworks */ = {isa = PBXBuildFile; fileRef = B77F1B3B17B978D7009739AE /* UIKit.framework */; };
		B77F1B3E17B978D7009739AE /* Foundation.framework in Frameworks */ = {isa = PBXBuildFile; fileRef = B77F1B3D17B978D7009739AE /* Foundation.framework */; };
		B77F1B4017B978D7009739AE /* CoreGraphics.framework in Frameworks */ = {isa = PBXBuildFile; fileRef = B77F1B3F17B978D7009739AE /* CoreGraphics.framework */; };
		B77F1B4217B978D7009739AE /* CoreText.framework in Frameworks */ = {isa = PBXBuildFile; fileRef = B77F1B4117B978D7009739AE /* CoreText.framework */; };
/* End PBXBuildFile section */

/* Begin PBXContainerItemProxy section */
		B737894A180761A90076A88C /* PBXContainerItemProxy */ = {
			isa = PBXContainerItemProxy;
			containerPortal = B7378940180761A80076A88C /* cocos2d-ios.xcodeproj */;
			proxyType = 2;
			remoteGlobalIDString = 5018F24D0DFDEAC400C013A5;
			remoteInfo = cocos2d;
		};
		B7378988180764180076A88C /* PBXContainerItemProxy */ = {
			isa = PBXContainerItemProxy;
			containerPortal = B7378940180761A80076A88C /* cocos2d-ios.xcodeproj */;
			proxyType = 1;
			remoteGlobalIDString = 5018F24C0DFDEAC400C013A5;
			remoteInfo = cocos2d;
		};
/* End PBXContainerItemProxy section */

/* Begin PBXFileReference section */
		6207EC2A196DF2CB00124536 /* CCActionFollow+CurrentOffset.h */ = {isa = PBXFileReference; fileEncoding = 4; lastKnownFileType = sourcecode.c.h; name = "CCActionFollow+CurrentOffset.h"; path = "Source/CCActionFollow+CurrentOffset.h"; sourceTree = "<group>"; };
		6207EC2B196DF2CB00124536 /* CCActionFollow+CurrentOffset.m */ = {isa = PBXFileReference; fileEncoding = 4; lastKnownFileType = sourcecode.c.objc; name = "CCActionFollow+CurrentOffset.m"; path = "Source/CCActionFollow+CurrentOffset.m"; sourceTree = "<group>"; };
		6224FEE419A736DF000D38A3 /* Accounts.framework */ = {isa = PBXFileReference; lastKnownFileType = wrapper.framework; name = Accounts.framework; path = System/Library/Frameworks/Accounts.framework; sourceTree = SDKROOT; };
		6224FEE719A736EE000D38A3 /* AdSupport.framework */ = {isa = PBXFileReference; lastKnownFileType = wrapper.framework; name = AdSupport.framework; path = System/Library/Frameworks/AdSupport.framework; sourceTree = SDKROOT; };
		6224FEE919A736F7000D38A3 /* CFNetwork.framework */ = {isa = PBXFileReference; lastKnownFileType = wrapper.framework; name = CFNetwork.framework; path = System/Library/Frameworks/CFNetwork.framework; sourceTree = SDKROOT; };
		6224FEEB19A736FE000D38A3 /* CoreTelephony.framework */ = {isa = PBXFileReference; lastKnownFileType = wrapper.framework; name = CoreTelephony.framework; path = System/Library/Frameworks/CoreTelephony.framework; sourceTree = SDKROOT; };
		6224FEED19A73709000D38A3 /* libicucore.dylib */ = {isa = PBXFileReference; lastKnownFileType = "compiled.mach-o.dylib"; name = libicucore.dylib; path = usr/lib/libicucore.dylib; sourceTree = SDKROOT; };
		6224FEEF19A73711000D38A3 /* MessageUI.framework */ = {isa = PBXFileReference; lastKnownFileType = wrapper.framework; name = MessageUI.framework; path = System/Library/Frameworks/MessageUI.framework; sourceTree = SDKROOT; };
		6224FEF119A73719000D38A3 /* Security.framework */ = {isa = PBXFileReference; lastKnownFileType = wrapper.framework; name = Security.framework; path = System/Library/Frameworks/Security.framework; sourceTree = SDKROOT; };
		6224FEF319A7371F000D38A3 /* Social.framework */ = {isa = PBXFileReference; lastKnownFileType = wrapper.framework; name = Social.framework; path = System/Library/Frameworks/Social.framework; sourceTree = SDKROOT; };
		6224FEF519A73725000D38A3 /* StoreKit.framework */ = {isa = PBXFileReference; lastKnownFileType = wrapper.framework; name = StoreKit.framework; path = System/Library/Frameworks/StoreKit.framework; sourceTree = SDKROOT; };
		6224FEF719A7372C000D38A3 /* SystemConfiguration.framework */ = {isa = PBXFileReference; lastKnownFileType = wrapper.framework; name = SystemConfiguration.framework; path = System/Library/Frameworks/SystemConfiguration.framework; sourceTree = SDKROOT; };
		6224FEF919A73731000D38A3 /* Twitter.framework */ = {isa = PBXFileReference; lastKnownFileType = wrapper.framework; name = Twitter.framework; path = System/Library/Frameworks/Twitter.framework; sourceTree = SDKROOT; };
		6224FF0119A73A63000D38A3 /* mgwuSDK.framework */ = {isa = PBXFileReference; lastKnownFileType = wrapper.framework; path = mgwuSDK.framework; sourceTree = "<group>"; };
		6224FF0319A73A63000D38A3 /* aqua.png */ = {isa = PBXFileReference; lastKnownFileType = image.png; path = aqua.png; sourceTree = "<group>"; };
		6224FF0419A73A63000D38A3 /* bluechatbubble.png */ = {isa = PBXFileReference; lastKnownFileType = image.png; path = bluechatbubble.png; sourceTree = "<group>"; };
		6224FF0519A73A63000D38A3 /* CrossPromoViewController.nib */ = {isa = PBXFileReference; lastKnownFileType = file.bplist; path = CrossPromoViewController.nib; sourceTree = "<group>"; };
		6224FF0619A73A63000D38A3 /* FacebookIcon.png */ = {isa = PBXFileReference; lastKnownFileType = image.png; path = FacebookIcon.png; sourceTree = "<group>"; };
		6224FF0719A73A63000D38A3 /* fb_connect.png */ = {isa = PBXFileReference; lastKnownFileType = image.png; path = fb_connect.png; sourceTree = "<group>"; };
		6224FF0819A73A63000D38A3 /* FBLoginButton.png */ = {isa = PBXFileReference; lastKnownFileType = image.png; path = FBLoginButton.png; sourceTree = "<group>"; };
		6224FF0919A73A63000D38A3 /* FBLoginButton@2x.png */ = {isa = PBXFileReference; lastKnownFileType = image.png; path = "FBLoginButton@2x.png"; sourceTree = "<group>"; };
		6224FF0A19A73A63000D38A3 /* FBLoginButtonPressed.png */ = {isa = PBXFileReference; lastKnownFileType = image.png; path = FBLoginButtonPressed.png; sourceTree = "<group>"; };
		6224FF0B19A73A63000D38A3 /* FBLoginButtonPressed@2x.png */ = {isa = PBXFileReference; lastKnownFileType = image.png; path = "FBLoginButtonPressed@2x.png"; sourceTree = "<group>"; };
		6224FF0C19A73A63000D38A3 /* FBNoThanksButton.png */ = {isa = PBXFileReference; lastKnownFileType = image.png; path = FBNoThanksButton.png; sourceTree = "<group>"; };
		6224FF0D19A73A63000D38A3 /* FBNoThanksButton@2x.png */ = {isa = PBXFileReference; lastKnownFileType = image.png; path = "FBNoThanksButton@2x.png"; sourceTree = "<group>"; };
		6224FF0E19A73A63000D38A3 /* FBNoThanksButtonPressed.png */ = {isa = PBXFileReference; lastKnownFileType = image.png; path = FBNoThanksButtonPressed.png; sourceTree = "<group>"; };
		6224FF0F19A73A63000D38A3 /* FBNoThanksButtonPressed@2x.png */ = {isa = PBXFileReference; lastKnownFileType = image.png; path = "FBNoThanksButtonPressed@2x.png"; sourceTree = "<group>"; };
		6224FF1019A73A63000D38A3 /* green.png */ = {isa = PBXFileReference; lastKnownFileType = image.png; path = green.png; sourceTree = "<group>"; };
		6224FF1119A73A63000D38A3 /* grey-background.png */ = {isa = PBXFileReference; lastKnownFileType = image.png; path = "grey-background.png"; sourceTree = "<group>"; };
		6224FF1219A73A63000D38A3 /* hipmob.back.btn.png */ = {isa = PBXFileReference; lastKnownFileType = image.png; path = hipmob.back.btn.png; sourceTree = "<group>"; };
		6224FF1319A73A63000D38A3 /* hipmob.send.png */ = {isa = PBXFileReference; lastKnownFileType = image.png; path = hipmob.send.png; sourceTree = "<group>"; };
		6224FF1419A73A63000D38A3 /* hipmobsend_field.png */ = {isa = PBXFileReference; lastKnownFileType = image.png; path = hipmobsend_field.png; sourceTree = "<group>"; };
		6224FF1519A73A63000D38A3 /* hipmobsend_field@2x.png */ = {isa = PBXFileReference; lastKnownFileType = image.png; path = "hipmobsend_field@2x.png"; sourceTree = "<group>"; };
		6224FF1619A73A63000D38A3 /* mgwu-gk-notification.png */ = {isa = PBXFileReference; lastKnownFileType = image.png; path = "mgwu-gk-notification.png"; sourceTree = "<group>"; };
		6224FF1719A73A63000D38A3 /* mgwu-gk-notification@2x.png */ = {isa = PBXFileReference; lastKnownFileType = image.png; path = "mgwu-gk-notification@2x.png"; sourceTree = "<group>"; };
		6224FF1819A73A63000D38A3 /* mgwu-m.png */ = {isa = PBXFileReference; lastKnownFileType = image.png; path = "mgwu-m.png"; sourceTree = "<group>"; };
		6224FF1919A73A63000D38A3 /* mgwu-m@2x.png */ = {isa = PBXFileReference; lastKnownFileType = image.png; path = "mgwu-m@2x.png"; sourceTree = "<group>"; };
		6224FF1A19A73A63000D38A3 /* MGWUAboutFooter-Landscape-568h@2x~iphone.png */ = {isa = PBXFileReference; lastKnownFileType = image.png; path = "MGWUAboutFooter-Landscape-568h@2x~iphone.png"; sourceTree = "<group>"; };
		6224FF1B19A73A63000D38A3 /* MGWUAboutFooter-Landscape@2x~ipad.png */ = {isa = PBXFileReference; lastKnownFileType = image.png; path = "MGWUAboutFooter-Landscape@2x~ipad.png"; sourceTree = "<group>"; };
		6224FF1C19A73A63000D38A3 /* MGWUAboutFooter-Landscape@2x~iphone.png */ = {isa = PBXFileReference; lastKnownFileType = image.png; path = "MGWUAboutFooter-Landscape@2x~iphone.png"; sourceTree = "<group>"; };
		6224FF1D19A73A63000D38A3 /* MGWUAboutFooter-Landscape~ipad.png */ = {isa = PBXFileReference; lastKnownFileType = image.png; path = "MGWUAboutFooter-Landscape~ipad.png"; sourceTree = "<group>"; };
		6224FF1E19A73A63000D38A3 /* MGWUAboutFooter-Landscape~iphone.png */ = {isa = PBXFileReference; lastKnownFileType = image.png; path = "MGWUAboutFooter-Landscape~iphone.png"; sourceTree = "<group>"; };
		6224FF1F19A73A63000D38A3 /* MGWUAboutFooter-Portrait@2x~ipad.png */ = {isa = PBXFileReference; lastKnownFileType = image.png; path = "MGWUAboutFooter-Portrait@2x~ipad.png"; sourceTree = "<group>"; };
		6224FF2019A73A63000D38A3 /* MGWUAboutFooter-Portrait@2x~iphone.png */ = {isa = PBXFileReference; lastKnownFileType = image.png; path = "MGWUAboutFooter-Portrait@2x~iphone.png"; sourceTree = "<group>"; };
		6224FF2119A73A63000D38A3 /* MGWUAboutFooter-Portrait~ipad.png */ = {isa = PBXFileReference; lastKnownFileType = image.png; path = "MGWUAboutFooter-Portrait~ipad.png"; sourceTree = "<group>"; };
		6224FF2219A73A63000D38A3 /* MGWUAboutFooter-Portrait~iphone.png */ = {isa = PBXFileReference; lastKnownFileType = image.png; path = "MGWUAboutFooter-Portrait~iphone.png"; sourceTree = "<group>"; };
		6224FF2319A73A63000D38A3 /* MGWUBackground-Landscape@2x~ipad.png */ = {isa = PBXFileReference; lastKnownFileType = image.png; path = "MGWUBackground-Landscape@2x~ipad.png"; sourceTree = "<group>"; };
		6224FF2419A73A63000D38A3 /* MGWUBackground-Landscape@2x~iphone.png */ = {isa = PBXFileReference; lastKnownFileType = image.png; path = "MGWUBackground-Landscape@2x~iphone.png"; sourceTree = "<group>"; };
		6224FF2519A73A63000D38A3 /* MGWUBackground-Landscape~ipad.png */ = {isa = PBXFileReference; lastKnownFileType = image.png; path = "MGWUBackground-Landscape~ipad.png"; sourceTree = "<group>"; };
		6224FF2619A73A63000D38A3 /* MGWUBackground-Landscape~iphone.png */ = {isa = PBXFileReference; lastKnownFileType = image.png; path = "MGWUBackground-Landscape~iphone.png"; sourceTree = "<group>"; };
		6224FF2719A73A63000D38A3 /* MGWUBackground-Portrait@2x~ipad.png */ = {isa = PBXFileReference; lastKnownFileType = image.png; path = "MGWUBackground-Portrait@2x~ipad.png"; sourceTree = "<group>"; };
		6224FF2819A73A63000D38A3 /* MGWUBackground-Portrait@2x~iphone.png */ = {isa = PBXFileReference; lastKnownFileType = image.png; path = "MGWUBackground-Portrait@2x~iphone.png"; sourceTree = "<group>"; };
		6224FF2919A73A63000D38A3 /* MGWUBackground-Portrait~ipad.png */ = {isa = PBXFileReference; lastKnownFileType = image.png; path = "MGWUBackground-Portrait~ipad.png"; sourceTree = "<group>"; };
		6224FF2A19A73A63000D38A3 /* MGWUBackground-Portrait~iphone.png */ = {isa = PBXFileReference; lastKnownFileType = image.png; path = "MGWUBackground-Portrait~iphone.png"; sourceTree = "<group>"; };
		6224FF2B19A73A63000D38A3 /* MGWUBackgroundDark-Landscape@2x~ipad.png */ = {isa = PBXFileReference; lastKnownFileType = image.png; path = "MGWUBackgroundDark-Landscape@2x~ipad.png"; sourceTree = "<group>"; };
		6224FF2C19A73A63000D38A3 /* MGWUBackgroundDark-Landscape@2x~iphone.png */ = {isa = PBXFileReference; lastKnownFileType = image.png; path = "MGWUBackgroundDark-Landscape@2x~iphone.png"; sourceTree = "<group>"; };
		6224FF2D19A73A63000D38A3 /* MGWUBackgroundDark-Landscape~ipad.png */ = {isa = PBXFileReference; lastKnownFileType = image.png; path = "MGWUBackgroundDark-Landscape~ipad.png"; sourceTree = "<group>"; };
		6224FF2E19A73A63000D38A3 /* MGWUBackgroundDark-Landscape~iphone.png */ = {isa = PBXFileReference; lastKnownFileType = image.png; path = "MGWUBackgroundDark-Landscape~iphone.png"; sourceTree = "<group>"; };
		6224FF2F19A73A63000D38A3 /* MGWUBackgroundDark-Portrait@2x~ipad.png */ = {isa = PBXFileReference; lastKnownFileType = image.png; path = "MGWUBackgroundDark-Portrait@2x~ipad.png"; sourceTree = "<group>"; };
		6224FF3019A73A63000D38A3 /* MGWUBackgroundDark-Portrait@2x~iphone.png */ = {isa = PBXFileReference; lastKnownFileType = image.png; path = "MGWUBackgroundDark-Portrait@2x~iphone.png"; sourceTree = "<group>"; };
		6224FF3119A73A63000D38A3 /* MGWUBackgroundDark-Portrait~ipad.png */ = {isa = PBXFileReference; lastKnownFileType = image.png; path = "MGWUBackgroundDark-Portrait~ipad.png"; sourceTree = "<group>"; };
		6224FF3219A73A63000D38A3 /* MGWUBackgroundDark-Portrait~iphone.png */ = {isa = PBXFileReference; lastKnownFileType = image.png; path = "MGWUBackgroundDark-Portrait~iphone.png"; sourceTree = "<group>"; };
		6224FF3319A73A63000D38A3 /* MGWUClose.png */ = {isa = PBXFileReference; lastKnownFileType = image.png; path = MGWUClose.png; sourceTree = "<group>"; };
		6224FF3419A73A63000D38A3 /* MGWUClose@2x.png */ = {isa = PBXFileReference; lastKnownFileType = image.png; path = "MGWUClose@2x.png"; sourceTree = "<group>"; };
		6224FF3519A73A63000D38A3 /* MGWUFacebookLoginLandscape.nib */ = {isa = PBXFileReference; lastKnownFileType = file.bplist; path = MGWUFacebookLoginLandscape.nib; sourceTree = "<group>"; };
		6224FF3619A73A63000D38A3 /* MGWUFacebookLoginLandscapeDark.nib */ = {isa = PBXFileReference; lastKnownFileType = file.bplist; path = MGWUFacebookLoginLandscapeDark.nib; sourceTree = "<group>"; };
		6224FF3719A73A63000D38A3 /* MGWUFacebookLoginPortrait.nib */ = {isa = PBXFileReference; lastKnownFileType = file.bplist; path = MGWUFacebookLoginPortrait.nib; sourceTree = "<group>"; };
		6224FF3819A73A63000D38A3 /* MGWUFacebookLoginPortraitDark.nib */ = {isa = PBXFileReference; lastKnownFileType = file.bplist; path = MGWUFacebookLoginPortraitDark.nib; sourceTree = "<group>"; };
		6224FF3919A73A63000D38A3 /* mgwuLogo.png */ = {isa = PBXFileReference; lastKnownFileType = image.png; path = mgwuLogo.png; sourceTree = "<group>"; };
		6224FF3A19A73A63000D38A3 /* mgwuLogo@2x.png */ = {isa = PBXFileReference; lastKnownFileType = image.png; path = "mgwuLogo@2x.png"; sourceTree = "<group>"; };
		6224FF3B19A73A63000D38A3 /* mgwuLogoDark.png */ = {isa = PBXFileReference; lastKnownFileType = image.png; path = mgwuLogoDark.png; sourceTree = "<group>"; };
		6224FF3C19A73A63000D38A3 /* mgwuLogoDark@2x.png */ = {isa = PBXFileReference; lastKnownFileType = image.png; path = "mgwuLogoDark@2x.png"; sourceTree = "<group>"; };
		6224FF3D19A73A63000D38A3 /* mgwuPlaceholderIcon.png */ = {isa = PBXFileReference; lastKnownFileType = image.png; path = mgwuPlaceholderIcon.png; sourceTree = "<group>"; };
		6224FF3E19A73A63000D38A3 /* mgwuPlaceholderIcon@2x.png */ = {isa = PBXFileReference; lastKnownFileType = image.png; path = "mgwuPlaceholderIcon@2x.png"; sourceTree = "<group>"; };
		6224FF3F19A73A63000D38A3 /* mgwuPlaceholderIconDark.png */ = {isa = PBXFileReference; lastKnownFileType = image.png; path = mgwuPlaceholderIconDark.png; sourceTree = "<group>"; };
		6224FF4019A73A63000D38A3 /* mgwuPlaceholderIconDark@2x.png */ = {isa = PBXFileReference; lastKnownFileType = image.png; path = "mgwuPlaceholderIconDark@2x.png"; sourceTree = "<group>"; };
		6224FF4119A73A63000D38A3 /* operator.available.png */ = {isa = PBXFileReference; lastKnownFileType = image.png; path = operator.available.png; sourceTree = "<group>"; };
		6224FF4219A73A63000D38A3 /* operator.connecting.png */ = {isa = PBXFileReference; lastKnownFileType = image.png; path = operator.connecting.png; sourceTree = "<group>"; };
		6224FF4319A73A63000D38A3 /* operator.unavailable.png */ = {isa = PBXFileReference; lastKnownFileType = image.png; path = operator.unavailable.png; sourceTree = "<group>"; };
		6224FF4419A73A63000D38A3 /* send-button-active.png */ = {isa = PBXFileReference; lastKnownFileType = image.png; path = "send-button-active.png"; sourceTree = "<group>"; };
		6224FF4519A73A63000D38A3 /* send-button-inactive.png */ = {isa = PBXFileReference; lastKnownFileType = image.png; path = "send-button-inactive.png"; sourceTree = "<group>"; };
		6224FF4619A73A63000D38A3 /* send-button-instate.png */ = {isa = PBXFileReference; lastKnownFileType = image.png; path = "send-button-instate.png"; sourceTree = "<group>"; };
		6224FF4719A73A63000D38A3 /* send-field-landscape.png */ = {isa = PBXFileReference; lastKnownFileType = image.png; path = "send-field-landscape.png"; sourceTree = "<group>"; };
		622811FE1965F7F2008EEB5F /* Creature.h */ = {isa = PBXFileReference; fileEncoding = 4; lastKnownFileType = sourcecode.c.h; name = Creature.h; path = Source/Creature.h; sourceTree = "<group>"; };
		622811FF1965F7F2008EEB5F /* Creature.m */ = {isa = PBXFileReference; fileEncoding = 4; lastKnownFileType = sourcecode.c.objc; name = Creature.m; path = Source/Creature.m; sourceTree = "<group>"; };
		622E28E9198BD4B600F5C128 /* MoveButton.h */ = {isa = PBXFileReference; fileEncoding = 4; lastKnownFileType = sourcecode.c.h; name = MoveButton.h; path = Source/MoveButton.h; sourceTree = "<group>"; };
		622E28EA198BD4B600F5C128 /* MoveButton.m */ = {isa = PBXFileReference; fileEncoding = 4; lastKnownFileType = sourcecode.c.objc; name = MoveButton.m; path = Source/MoveButton.m; sourceTree = "<group>"; };
		6232F03C1971EC0C00B62F58 /* SwipeSet.h */ = {isa = PBXFileReference; fileEncoding = 4; lastKnownFileType = sourcecode.c.h; name = SwipeSet.h; path = Source/SwipeSet.h; sourceTree = "<group>"; };
		6232F03D1971EC0C00B62F58 /* SwipeSet.m */ = {isa = PBXFileReference; fileEncoding = 4; lastKnownFileType = sourcecode.c.objc; name = SwipeSet.m; path = Source/SwipeSet.m; sourceTree = "<group>"; };
		6252A2C5199FF166007E11E7 /* DemoScene.h */ = {isa = PBXFileReference; fileEncoding = 4; lastKnownFileType = sourcecode.c.h; name = DemoScene.h; path = Source/DemoScene.h; sourceTree = "<group>"; };
		6252A2C6199FF166007E11E7 /* DemoScene.m */ = {isa = PBXFileReference; fileEncoding = 4; lastKnownFileType = sourcecode.c.objc; name = DemoScene.m; path = Source/DemoScene.m; sourceTree = "<group>"; };
		6252A2CC19A4316F007E11E7 /* INTRO.mp3 */ = {isa = PBXFileReference; lastKnownFileType = audio.mp3; path = INTRO.mp3; sourceTree = "<group>"; };
		6252A2CE19A43408007E11E7 /* Battle.mp3 */ = {isa = PBXFileReference; lastKnownFileType = audio.mp3; path = Battle.mp3; sourceTree = "<group>"; };
		6252A2D019A437FA007E11E7 /* click.mp3 */ = {isa = PBXFileReference; lastKnownFileType = audio.mp3; path = click.mp3; sourceTree = "<group>"; };
		62711D56199D3D3B00E822A4 /* Images.xcassets */ = {isa = PBXFileReference; lastKnownFileType = folder.assetcatalog; name = Images.xcassets; path = SPG/Images.xcassets; sourceTree = SOURCE_ROOT; };
		62A15654199D52C100FF1B32 /* actual.xcassets */ = {isa = PBXFileReference; lastKnownFileType = folder.assetcatalog; name = actual.xcassets; path = ../../actual.xcassets; sourceTree = "<group>"; };
		62A15656199E5DEA00FF1B32 /* PopUp3.h */ = {isa = PBXFileReference; fileEncoding = 4; lastKnownFileType = sourcecode.c.h; name = PopUp3.h; path = Source/PopUp3.h; sourceTree = "<group>"; };
		62A15657199E5DEA00FF1B32 /* PopUp3.m */ = {isa = PBXFileReference; fileEncoding = 4; lastKnownFileType = sourcecode.c.objc; name = PopUp3.m; path = Source/PopUp3.m; sourceTree = "<group>"; };
		62B0BD37197D8373005ED9DE /* README.md */ = {isa = PBXFileReference; fileEncoding = 4; lastKnownFileType = text; path = README.md; sourceTree = "<group>"; };
		62B0BD3A197DA0D3005ED9DE /* CreatureQueue.h */ = {isa = PBXFileReference; fileEncoding = 4; lastKnownFileType = sourcecode.c.h; name = CreatureQueue.h; path = Source/CreatureQueue.h; sourceTree = "<group>"; };
		62B0BD3B197DA0D3005ED9DE /* CreatureQueue.m */ = {isa = PBXFileReference; fileEncoding = 4; lastKnownFileType = sourcecode.c.objc; name = CreatureQueue.m; path = Source/CreatureQueue.m; sourceTree = "<group>"; };
		62B0BD3F197EA81F005ED9DE /* GameOver.h */ = {isa = PBXFileReference; fileEncoding = 4; lastKnownFileType = sourcecode.c.h; name = GameOver.h; path = Source/GameOver.h; sourceTree = "<group>"; };
		62B0BD40197EA81F005ED9DE /* GameOver.m */ = {isa = PBXFileReference; fileEncoding = 4; lastKnownFileType = sourcecode.c.objc; name = GameOver.m; path = Source/GameOver.m; sourceTree = "<group>"; };
		62B0BD42197F0EF4005ED9DE /* CreatureNode.h */ = {isa = PBXFileReference; fileEncoding = 4; lastKnownFileType = sourcecode.c.h; name = CreatureNode.h; path = Source/CreatureNode.h; sourceTree = "<group>"; };
		62B0BD43197F0EF4005ED9DE /* CreatureNode.m */ = {isa = PBXFileReference; fileEncoding = 4; lastKnownFileType = sourcecode.c.objc; name = CreatureNode.m; path = Source/CreatureNode.m; sourceTree = "<group>"; };
		62B0BD4D198127A4005ED9DE /* ButtonSet.h */ = {isa = PBXFileReference; fileEncoding = 4; lastKnownFileType = sourcecode.c.h; name = ButtonSet.h; path = Source/ButtonSet.h; sourceTree = "<group>"; };
		62B0BD4E198127A4005ED9DE /* ButtonSet.m */ = {isa = PBXFileReference; fileEncoding = 4; lastKnownFileType = sourcecode.c.objc; name = ButtonSet.m; path = Source/ButtonSet.m; sourceTree = "<group>"; };
		62B0BD5019812968005ED9DE /* ButtonOptions.h */ = {isa = PBXFileReference; fileEncoding = 4; lastKnownFileType = sourcecode.c.h; name = ButtonOptions.h; path = Source/ButtonOptions.h; sourceTree = "<group>"; };
		62B0BD5119812968005ED9DE /* ButtonOptions.m */ = {isa = PBXFileReference; fileEncoding = 4; lastKnownFileType = sourcecode.c.objc; name = ButtonOptions.m; path = Source/ButtonOptions.m; sourceTree = "<group>"; };
		62B0BD5319812BE8005ED9DE /* PauseMenu.h */ = {isa = PBXFileReference; fileEncoding = 4; lastKnownFileType = sourcecode.c.h; name = PauseMenu.h; path = Source/PauseMenu.h; sourceTree = "<group>"; };
		62B0BD5419812BE8005ED9DE /* PauseMenu.m */ = {isa = PBXFileReference; fileEncoding = 4; lastKnownFileType = sourcecode.c.objc; name = PauseMenu.m; path = Source/PauseMenu.m; sourceTree = "<group>"; };
		62B4D0DB198570A8007790EB /* MyScrollView.h */ = {isa = PBXFileReference; fileEncoding = 4; lastKnownFileType = sourcecode.c.h; path = MyScrollView.h; sourceTree = "<group>"; };
		62B4D0DC198570A8007790EB /* MyScrollView.m */ = {isa = PBXFileReference; fileEncoding = 4; lastKnownFileType = sourcecode.c.objc; path = MyScrollView.m; sourceTree = "<group>"; };
		62BC5D1F1989703C001A25D5 /* PopUp.h */ = {isa = PBXFileReference; fileEncoding = 4; lastKnownFileType = sourcecode.c.h; path = PopUp.h; sourceTree = "<group>"; };
		62BC5D201989703C001A25D5 /* PopUp.m */ = {isa = PBXFileReference; fileEncoding = 4; lastKnownFileType = sourcecode.c.objc; path = PopUp.m; sourceTree = "<group>"; };
		62BC5D23198AC6A7001A25D5 /* GameData.h */ = {isa = PBXFileReference; fileEncoding = 4; lastKnownFileType = sourcecode.c.h; name = GameData.h; path = Source/GameData.h; sourceTree = "<group>"; };
		62BC5D24198AC6A7001A25D5 /* GameData.m */ = {isa = PBXFileReference; fileEncoding = 4; lastKnownFileType = sourcecode.c.objc; name = GameData.m; path = Source/GameData.m; sourceTree = "<group>"; };
		62BEFCF01978936700B9FFE1 /* Attack.h */ = {isa = PBXFileReference; fileEncoding = 4; lastKnownFileType = sourcecode.c.h; path = Attack.h; sourceTree = "<group>"; };
		62BEFCF11978936700B9FFE1 /* Attack.m */ = {isa = PBXFileReference; fileEncoding = 4; lastKnownFileType = sourcecode.c.objc; path = Attack.m; sourceTree = "<group>"; };
		62C1EDA819911A8B002C3600 /* Tutorial.h */ = {isa = PBXFileReference; fileEncoding = 4; lastKnownFileType = sourcecode.c.h; name = Tutorial.h; path = Source/Tutorial.h; sourceTree = "<group>"; };
		62C1EDA919911A8B002C3600 /* Tutorial.m */ = {isa = PBXFileReference; fileEncoding = 4; lastKnownFileType = sourcecode.c.objc; name = Tutorial.m; path = Source/Tutorial.m; sourceTree = "<group>"; };
		62C1EDAB1992894B002C3600 /* LevelUp.h */ = {isa = PBXFileReference; fileEncoding = 4; lastKnownFileType = sourcecode.c.h; name = LevelUp.h; path = Source/LevelUp.h; sourceTree = "<group>"; };
		62C1EDAC1992894B002C3600 /* LevelUp.m */ = {isa = PBXFileReference; fileEncoding = 4; lastKnownFileType = sourcecode.c.objc; name = LevelUp.m; path = Source/LevelUp.m; sourceTree = "<group>"; };
		62E42CCD19706AC60009817F /* Intro.h */ = {isa = PBXFileReference; fileEncoding = 4; lastKnownFileType = sourcecode.c.h; name = Intro.h; path = Source/Intro.h; sourceTree = "<group>"; };
		62E42CCE19706AC60009817F /* Intro.m */ = {isa = PBXFileReference; fileEncoding = 4; lastKnownFileType = sourcecode.c.objc; name = Intro.m; path = Source/Intro.m; sourceTree = "<group>"; };
		62E42CD519708CFE0009817F /* DeadBody.h */ = {isa = PBXFileReference; fileEncoding = 4; lastKnownFileType = sourcecode.c.h; name = DeadBody.h; path = Source/DeadBody.h; sourceTree = "<group>"; };
		62E42CD619708CFE0009817F /* DeadBody.m */ = {isa = PBXFileReference; fileEncoding = 4; lastKnownFileType = sourcecode.c.objc; name = DeadBody.m; path = Source/DeadBody.m; sourceTree = "<group>"; };
		62E42CDC1971489E0009817F /* DataSelect.h */ = {isa = PBXFileReference; fileEncoding = 4; lastKnownFileType = sourcecode.c.h; name = DataSelect.h; path = Source/DataSelect.h; sourceTree = "<group>"; };
		62E42CDD1971489E0009817F /* DataSelect.m */ = {isa = PBXFileReference; fileEncoding = 4; lastKnownFileType = sourcecode.c.objc; name = DataSelect.m; path = Source/DataSelect.m; sourceTree = "<group>"; };
		62E42CE0197148AD0009817F /* LocationSelect.h */ = {isa = PBXFileReference; fileEncoding = 4; lastKnownFileType = sourcecode.c.h; path = LocationSelect.h; sourceTree = "<group>"; };
		62E42CE1197148AD0009817F /* LocationSelect.m */ = {isa = PBXFileReference; fileEncoding = 4; lastKnownFileType = sourcecode.c.objc; path = LocationSelect.m; sourceTree = "<group>"; };
		62E42CE319714B9E0009817F /* Property List.plist */ = {isa = PBXFileReference; fileEncoding = 4; lastKnownFileType = text.plist.xml; path = "Property List.plist"; sourceTree = "<group>"; };
		62F3E97F197160BB0036F514 /* MoveNode.h */ = {isa = PBXFileReference; fileEncoding = 4; lastKnownFileType = sourcecode.c.h; name = MoveNode.h; path = Source/MoveNode.h; sourceTree = "<group>"; };
		62F3E980197160BB0036F514 /* MoveNode.m */ = {isa = PBXFileReference; fileEncoding = 4; lastKnownFileType = sourcecode.c.objc; name = MoveNode.m; path = Source/MoveNode.m; sourceTree = "<group>"; };
		62F3E98A19716BB90036F514 /* MoveConfiguration.h */ = {isa = PBXFileReference; fileEncoding = 4; lastKnownFileType = sourcecode.c.h; name = MoveConfiguration.h; path = Source/MoveConfiguration.h; sourceTree = "<group>"; };
		62F3E98B19716BB90036F514 /* MoveConfiguration.m */ = {isa = PBXFileReference; fileEncoding = 4; lastKnownFileType = sourcecode.c.objc; name = MoveConfiguration.m; path = Source/MoveConfiguration.m; sourceTree = "<group>"; };
		8392007918EE8E3300B6C429 /* GLKit.framework */ = {isa = PBXFileReference; lastKnownFileType = wrapper.framework; name = GLKit.framework; path = System/Library/Frameworks/GLKit.framework; sourceTree = SDKROOT; };
		B71F5907188484E7003F4D28 /* iPad-old.png */ = {isa = PBXFileReference; lastKnownFileType = image.png; name = "iPad-old.png"; path = "Icons/iPad-old.png"; sourceTree = "<group>"; };
		B71F5908188484E7003F4D28 /* iPad-old@2x.png */ = {isa = PBXFileReference; lastKnownFileType = image.png; name = "iPad-old@2x.png"; path = "Icons/iPad-old@2x.png"; sourceTree = "<group>"; };
		B71F5909188484E7003F4D28 /* iPad.png */ = {isa = PBXFileReference; lastKnownFileType = image.png; name = iPad.png; path = Icons/iPad.png; sourceTree = "<group>"; };
		B71F590A188484E7003F4D28 /* iPad@2x.png */ = {isa = PBXFileReference; lastKnownFileType = image.png; name = "iPad@2x.png"; path = "Icons/iPad@2x.png"; sourceTree = "<group>"; };
		B71F590B188484E7003F4D28 /* iPhone-old.png */ = {isa = PBXFileReference; lastKnownFileType = image.png; name = "iPhone-old.png"; path = "Icons/iPhone-old.png"; sourceTree = "<group>"; };
		B71F590C188484E7003F4D28 /* iPhone-old@2x.png */ = {isa = PBXFileReference; lastKnownFileType = image.png; name = "iPhone-old@2x.png"; path = "Icons/iPhone-old@2x.png"; sourceTree = "<group>"; };
		B71F590D188484E7003F4D28 /* iPhone.png */ = {isa = PBXFileReference; lastKnownFileType = image.png; name = iPhone.png; path = Icons/iPhone.png; sourceTree = "<group>"; };
		B71F590E188484E7003F4D28 /* iPhone@2x.png */ = {isa = PBXFileReference; lastKnownFileType = image.png; name = "iPhone@2x.png"; path = "Icons/iPhone@2x.png"; sourceTree = "<group>"; };
		B71F590F188484E7003F4D28 /* Settings.png */ = {isa = PBXFileReference; lastKnownFileType = image.png; name = Settings.png; path = Icons/Settings.png; sourceTree = "<group>"; };
		B71F5910188484E7003F4D28 /* Settings@2x.png */ = {isa = PBXFileReference; lastKnownFileType = image.png; name = "Settings@2x.png"; path = "Icons/Settings@2x.png"; sourceTree = "<group>"; };
		B737893A180761570076A88C /* Published-iOS */ = {isa = PBXFileReference; lastKnownFileType = folder; name = "Published-iOS"; path = "Source/Resources/Published-iOS"; sourceTree = SOURCE_ROOT; };
		B737893D1807617C0076A88C /* AppDelegate.h */ = {isa = PBXFileReference; fileEncoding = 4; lastKnownFileType = sourcecode.c.h; name = AppDelegate.h; path = Source/AppDelegate.h; sourceTree = "<group>"; };
		B737893E1807617C0076A88C /* AppDelegate.m */ = {isa = PBXFileReference; fileEncoding = 4; lastKnownFileType = sourcecode.c.objc; name = AppDelegate.m; path = Source/AppDelegate.m; sourceTree = "<group>"; };
		B7378940180761A80076A88C /* cocos2d-ios.xcodeproj */ = {isa = PBXFileReference; lastKnownFileType = "wrapper.pb-project"; name = "cocos2d-ios.xcodeproj"; path = "Source/libs/cocos2d-iphone/cocos2d-ios.xcodeproj"; sourceTree = SOURCE_ROOT; };
		B737896B180762440076A88C /* Default-568h@2x.png */ = {isa = PBXFileReference; lastKnownFileType = image.png; name = "Default-568h@2x.png"; path = "Source/Resources/Default-568h@2x.png"; sourceTree = SOURCE_ROOT; };
		B737896C180762440076A88C /* Default-Landscape~ipad.png */ = {isa = PBXFileReference; lastKnownFileType = image.png; name = "Default-Landscape~ipad.png"; path = "Source/Resources/Default-Landscape~ipad.png"; sourceTree = SOURCE_ROOT; };
		B737896D180762440076A88C /* Default.png */ = {isa = PBXFileReference; lastKnownFileType = image.png; name = Default.png; path = Source/Resources/Default.png; sourceTree = SOURCE_ROOT; };
		B737896E180762440076A88C /* Default@2x.png */ = {isa = PBXFileReference; lastKnownFileType = image.png; name = "Default@2x.png"; path = "Source/Resources/Default@2x.png"; sourceTree = SOURCE_ROOT; };
		B73789851807631A0076A88C /* main.m */ = {isa = PBXFileReference; fileEncoding = 4; lastKnownFileType = sourcecode.c.objc; name = main.m; path = Source/main.m; sourceTree = SOURCE_ROOT; };
		B73789861807631A0076A88C /* Prefix.pch */ = {isa = PBXFileReference; fileEncoding = 4; lastKnownFileType = sourcecode.c.h; name = Prefix.pch; path = Source/Prefix.pch; sourceTree = SOURCE_ROOT; };
		B7378992180767190076A88C /* MainScene.h */ = {isa = PBXFileReference; fileEncoding = 4; lastKnownFileType = sourcecode.c.h; name = MainScene.h; path = Source/MainScene.h; sourceTree = "<group>"; };
		B7378993180767190076A88C /* MainScene.m */ = {isa = PBXFileReference; fileEncoding = 4; lastKnownFileType = sourcecode.c.objc; name = MainScene.m; path = Source/MainScene.m; sourceTree = "<group>"; };
		B77F1B2E17B978D7009739AE /* Parasitic Souls.app */ = {isa = PBXFileReference; explicitFileType = wrapper.application; includeInIndex = 0; path = "Parasitic Souls.app"; sourceTree = BUILT_PRODUCTS_DIR; };
		B77F1B3117B978D7009739AE /* QuartzCore.framework */ = {isa = PBXFileReference; lastKnownFileType = wrapper.framework; name = QuartzCore.framework; path = System/Library/Frameworks/QuartzCore.framework; sourceTree = SDKROOT; };
		B77F1B3317B978D7009739AE /* OpenGLES.framework */ = {isa = PBXFileReference; lastKnownFileType = wrapper.framework; name = OpenGLES.framework; path = System/Library/Frameworks/OpenGLES.framework; sourceTree = SDKROOT; };
		B77F1B3517B978D7009739AE /* OpenAL.framework */ = {isa = PBXFileReference; lastKnownFileType = wrapper.framework; name = OpenAL.framework; path = System/Library/Frameworks/OpenAL.framework; sourceTree = SDKROOT; };
		B77F1B3717B978D7009739AE /* AudioToolbox.framework */ = {isa = PBXFileReference; lastKnownFileType = wrapper.framework; name = AudioToolbox.framework; path = System/Library/Frameworks/AudioToolbox.framework; sourceTree = SDKROOT; };
		B77F1B3917B978D7009739AE /* AVFoundation.framework */ = {isa = PBXFileReference; lastKnownFileType = wrapper.framework; name = AVFoundation.framework; path = System/Library/Frameworks/AVFoundation.framework; sourceTree = SDKROOT; };
		B77F1B3B17B978D7009739AE /* UIKit.framework */ = {isa = PBXFileReference; lastKnownFileType = wrapper.framework; name = UIKit.framework; path = System/Library/Frameworks/UIKit.framework; sourceTree = SDKROOT; };
		B77F1B3D17B978D7009739AE /* Foundation.framework */ = {isa = PBXFileReference; lastKnownFileType = wrapper.framework; name = Foundation.framework; path = System/Library/Frameworks/Foundation.framework; sourceTree = SDKROOT; };
		B77F1B3F17B978D7009739AE /* CoreGraphics.framework */ = {isa = PBXFileReference; lastKnownFileType = wrapper.framework; name = CoreGraphics.framework; path = System/Library/Frameworks/CoreGraphics.framework; sourceTree = SDKROOT; };
		B77F1B4117B978D7009739AE /* CoreText.framework */ = {isa = PBXFileReference; lastKnownFileType = wrapper.framework; name = CoreText.framework; path = System/Library/Frameworks/CoreText.framework; sourceTree = SDKROOT; };
		B7B3713D180358F1007369CC /* libObjectiveChipmunk.a */ = {isa = PBXFileReference; lastKnownFileType = archive.ar; name = libObjectiveChipmunk.a; path = "../libs/cocos2d-iphone/external/Chipmunk/xcode/build/Debug-iphoneos/libObjectiveChipmunk.a"; sourceTree = "<group>"; };
/* End PBXFileReference section */

/* Begin PBXFrameworksBuildPhase section */
		B77F1B2B17B978D7009739AE /* Frameworks */ = {
			isa = PBXFrameworksBuildPhase;
			buildActionMask = 2147483647;
			files = (
				6224FEFA19A73731000D38A3 /* Twitter.framework in Frameworks */,
				6224FEF819A7372C000D38A3 /* SystemConfiguration.framework in Frameworks */,
				6224FEF619A73725000D38A3 /* StoreKit.framework in Frameworks */,
				6224FEF419A7371F000D38A3 /* Social.framework in Frameworks */,
				6224FEF219A73719000D38A3 /* Security.framework in Frameworks */,
				6224FEF019A73711000D38A3 /* MessageUI.framework in Frameworks */,
				6224FEEE19A73709000D38A3 /* libicucore.dylib in Frameworks */,
				6224FEEC19A736FE000D38A3 /* CoreTelephony.framework in Frameworks */,
				6224FEEA19A736F7000D38A3 /* CFNetwork.framework in Frameworks */,
				6224FEE819A736EE000D38A3 /* AdSupport.framework in Frameworks */,
				6224FEE519A736DF000D38A3 /* Accounts.framework in Frameworks */,
				8392007A18EE8E3300B6C429 /* GLKit.framework in Frameworks */,
				6224FF4819A73A63000D38A3 /* mgwuSDK.framework in Frameworks */,
				B737898A1807642B0076A88C /* libcocos2d.a in Frameworks */,
				B77F1B3217B978D7009739AE /* QuartzCore.framework in Frameworks */,
				B77F1B3417B978D7009739AE /* OpenGLES.framework in Frameworks */,
				B77F1B3617B978D7009739AE /* OpenAL.framework in Frameworks */,
				B77F1B3817B978D7009739AE /* AudioToolbox.framework in Frameworks */,
				B77F1B3A17B978D7009739AE /* AVFoundation.framework in Frameworks */,
				B77F1B3C17B978D7009739AE /* UIKit.framework in Frameworks */,
				B77F1B3E17B978D7009739AE /* Foundation.framework in Frameworks */,
				B77F1B4017B978D7009739AE /* CoreGraphics.framework in Frameworks */,
				B77F1B4217B978D7009739AE /* CoreText.framework in Frameworks */,
			);
			runOnlyForDeploymentPostprocessing = 0;
		};
/* End PBXFrameworksBuildPhase section */

/* Begin PBXGroup section */
		6224FF0019A73A63000D38A3 /* mgwuSDK.embeddedframework */ = {
			isa = PBXGroup;
			children = (
				6224FF0119A73A63000D38A3 /* mgwuSDK.framework */,
				6224FF0219A73A63000D38A3 /* Resources */,
			);
			path = mgwuSDK.embeddedframework;
			sourceTree = "<group>";
		};
		6224FF0219A73A63000D38A3 /* Resources */ = {
			isa = PBXGroup;
			children = (
				6224FF0319A73A63000D38A3 /* aqua.png */,
				6224FF0419A73A63000D38A3 /* bluechatbubble.png */,
				6224FF0519A73A63000D38A3 /* CrossPromoViewController.nib */,
				6224FF0619A73A63000D38A3 /* FacebookIcon.png */,
				6224FF0719A73A63000D38A3 /* fb_connect.png */,
				6224FF0819A73A63000D38A3 /* FBLoginButton.png */,
				6224FF0919A73A63000D38A3 /* FBLoginButton@2x.png */,
				6224FF0A19A73A63000D38A3 /* FBLoginButtonPressed.png */,
				6224FF0B19A73A63000D38A3 /* FBLoginButtonPressed@2x.png */,
				6224FF0C19A73A63000D38A3 /* FBNoThanksButton.png */,
				6224FF0D19A73A63000D38A3 /* FBNoThanksButton@2x.png */,
				6224FF0E19A73A63000D38A3 /* FBNoThanksButtonPressed.png */,
				6224FF0F19A73A63000D38A3 /* FBNoThanksButtonPressed@2x.png */,
				6224FF1019A73A63000D38A3 /* green.png */,
				6224FF1119A73A63000D38A3 /* grey-background.png */,
				6224FF1219A73A63000D38A3 /* hipmob.back.btn.png */,
				6224FF1319A73A63000D38A3 /* hipmob.send.png */,
				6224FF1419A73A63000D38A3 /* hipmobsend_field.png */,
				6224FF1519A73A63000D38A3 /* hipmobsend_field@2x.png */,
				6224FF1619A73A63000D38A3 /* mgwu-gk-notification.png */,
				6224FF1719A73A63000D38A3 /* mgwu-gk-notification@2x.png */,
				6224FF1819A73A63000D38A3 /* mgwu-m.png */,
				6224FF1919A73A63000D38A3 /* mgwu-m@2x.png */,
				6224FF1A19A73A63000D38A3 /* MGWUAboutFooter-Landscape-568h@2x~iphone.png */,
				6224FF1B19A73A63000D38A3 /* MGWUAboutFooter-Landscape@2x~ipad.png */,
				6224FF1C19A73A63000D38A3 /* MGWUAboutFooter-Landscape@2x~iphone.png */,
				6224FF1D19A73A63000D38A3 /* MGWUAboutFooter-Landscape~ipad.png */,
				6224FF1E19A73A63000D38A3 /* MGWUAboutFooter-Landscape~iphone.png */,
				6224FF1F19A73A63000D38A3 /* MGWUAboutFooter-Portrait@2x~ipad.png */,
				6224FF2019A73A63000D38A3 /* MGWUAboutFooter-Portrait@2x~iphone.png */,
				6224FF2119A73A63000D38A3 /* MGWUAboutFooter-Portrait~ipad.png */,
				6224FF2219A73A63000D38A3 /* MGWUAboutFooter-Portrait~iphone.png */,
				6224FF2319A73A63000D38A3 /* MGWUBackground-Landscape@2x~ipad.png */,
				6224FF2419A73A63000D38A3 /* MGWUBackground-Landscape@2x~iphone.png */,
				6224FF2519A73A63000D38A3 /* MGWUBackground-Landscape~ipad.png */,
				6224FF2619A73A63000D38A3 /* MGWUBackground-Landscape~iphone.png */,
				6224FF2719A73A63000D38A3 /* MGWUBackground-Portrait@2x~ipad.png */,
				6224FF2819A73A63000D38A3 /* MGWUBackground-Portrait@2x~iphone.png */,
				6224FF2919A73A63000D38A3 /* MGWUBackground-Portrait~ipad.png */,
				6224FF2A19A73A63000D38A3 /* MGWUBackground-Portrait~iphone.png */,
				6224FF2B19A73A63000D38A3 /* MGWUBackgroundDark-Landscape@2x~ipad.png */,
				6224FF2C19A73A63000D38A3 /* MGWUBackgroundDark-Landscape@2x~iphone.png */,
				6224FF2D19A73A63000D38A3 /* MGWUBackgroundDark-Landscape~ipad.png */,
				6224FF2E19A73A63000D38A3 /* MGWUBackgroundDark-Landscape~iphone.png */,
				6224FF2F19A73A63000D38A3 /* MGWUBackgroundDark-Portrait@2x~ipad.png */,
				6224FF3019A73A63000D38A3 /* MGWUBackgroundDark-Portrait@2x~iphone.png */,
				6224FF3119A73A63000D38A3 /* MGWUBackgroundDark-Portrait~ipad.png */,
				6224FF3219A73A63000D38A3 /* MGWUBackgroundDark-Portrait~iphone.png */,
				6224FF3319A73A63000D38A3 /* MGWUClose.png */,
				6224FF3419A73A63000D38A3 /* MGWUClose@2x.png */,
				6224FF3519A73A63000D38A3 /* MGWUFacebookLoginLandscape.nib */,
				6224FF3619A73A63000D38A3 /* MGWUFacebookLoginLandscapeDark.nib */,
				6224FF3719A73A63000D38A3 /* MGWUFacebookLoginPortrait.nib */,
				6224FF3819A73A63000D38A3 /* MGWUFacebookLoginPortraitDark.nib */,
				6224FF3919A73A63000D38A3 /* mgwuLogo.png */,
				6224FF3A19A73A63000D38A3 /* mgwuLogo@2x.png */,
				6224FF3B19A73A63000D38A3 /* mgwuLogoDark.png */,
				6224FF3C19A73A63000D38A3 /* mgwuLogoDark@2x.png */,
				6224FF3D19A73A63000D38A3 /* mgwuPlaceholderIcon.png */,
				6224FF3E19A73A63000D38A3 /* mgwuPlaceholderIcon@2x.png */,
				6224FF3F19A73A63000D38A3 /* mgwuPlaceholderIconDark.png */,
				6224FF4019A73A63000D38A3 /* mgwuPlaceholderIconDark@2x.png */,
				6224FF4119A73A63000D38A3 /* operator.available.png */,
				6224FF4219A73A63000D38A3 /* operator.connecting.png */,
				6224FF4319A73A63000D38A3 /* operator.unavailable.png */,
				6224FF4419A73A63000D38A3 /* send-button-active.png */,
				6224FF4519A73A63000D38A3 /* send-button-inactive.png */,
				6224FF4619A73A63000D38A3 /* send-button-instate.png */,
				6224FF4719A73A63000D38A3 /* send-field-landscape.png */,
			);
			path = Resources;
			sourceTree = "<group>";
		};
		9222E2B918734FF800A246C7 /* libs */ = {
			isa = PBXGroup;
			children = (
				B7378940180761A80076A88C /* cocos2d-ios.xcodeproj */,
			);
			name = libs;
			sourceTree = "<group>";
		};
		B737893C1807616C0076A88C /* Source */ = {
			isa = PBXGroup;
			children = (
				B737893D1807617C0076A88C /* AppDelegate.h */,
				B737893E1807617C0076A88C /* AppDelegate.m */,
				62E42CE0197148AD0009817F /* LocationSelect.h */,
				62E42CE1197148AD0009817F /* LocationSelect.m */,
				B7378992180767190076A88C /* MainScene.h */,
				B7378993180767190076A88C /* MainScene.m */,
				6252A2C5199FF166007E11E7 /* DemoScene.h */,
				6252A2C6199FF166007E11E7 /* DemoScene.m */,
				62C1EDA819911A8B002C3600 /* Tutorial.h */,
				62C1EDA919911A8B002C3600 /* Tutorial.m */,
				62BC5D23198AC6A7001A25D5 /* GameData.h */,
				62BC5D24198AC6A7001A25D5 /* GameData.m */,
				62B0BD5319812BE8005ED9DE /* PauseMenu.h */,
				62B0BD5419812BE8005ED9DE /* PauseMenu.m */,
				6232F03C1971EC0C00B62F58 /* SwipeSet.h */,
				6232F03D1971EC0C00B62F58 /* SwipeSet.m */,
				62B0BD42197F0EF4005ED9DE /* CreatureNode.h */,
				62B0BD43197F0EF4005ED9DE /* CreatureNode.m */,
				62B0BD3A197DA0D3005ED9DE /* CreatureQueue.h */,
				62B0BD3B197DA0D3005ED9DE /* CreatureQueue.m */,
				62B0BD37197D8373005ED9DE /* README.md */,
				62BEFCF01978936700B9FFE1 /* Attack.h */,
				62BEFCF11978936700B9FFE1 /* Attack.m */,
				62B0BD4D198127A4005ED9DE /* ButtonSet.h */,
				62B0BD4E198127A4005ED9DE /* ButtonSet.m */,
				62B0BD5019812968005ED9DE /* ButtonOptions.h */,
				62B0BD5119812968005ED9DE /* ButtonOptions.m */,
				62BC5D1F1989703C001A25D5 /* PopUp.h */,
				62BC5D201989703C001A25D5 /* PopUp.m */,
				62C1EDAB1992894B002C3600 /* LevelUp.h */,
				62C1EDAC1992894B002C3600 /* LevelUp.m */,
				62A15656199E5DEA00FF1B32 /* PopUp3.h */,
				62A15657199E5DEA00FF1B32 /* PopUp3.m */,
				62B4D0DB198570A8007790EB /* MyScrollView.h */,
				62B4D0DC198570A8007790EB /* MyScrollView.m */,
				622E28E9198BD4B600F5C128 /* MoveButton.h */,
				622E28EA198BD4B600F5C128 /* MoveButton.m */,
				62F3E98A19716BB90036F514 /* MoveConfiguration.h */,
				62F3E98B19716BB90036F514 /* MoveConfiguration.m */,
				62E42CDC1971489E0009817F /* DataSelect.h */,
				62E42CDD1971489E0009817F /* DataSelect.m */,
				62E42CD519708CFE0009817F /* DeadBody.h */,
				62E42CD619708CFE0009817F /* DeadBody.m */,
				62B0BD3F197EA81F005ED9DE /* GameOver.h */,
				62B0BD40197EA81F005ED9DE /* GameOver.m */,
				62E42CCD19706AC60009817F /* Intro.h */,
				62E42CCE19706AC60009817F /* Intro.m */,
				62F3E97F197160BB0036F514 /* MoveNode.h */,
				62F3E980197160BB0036F514 /* MoveNode.m */,
				622811FE1965F7F2008EEB5F /* Creature.h */,
				622811FF1965F7F2008EEB5F /* Creature.m */,
				6207EC2A196DF2CB00124536 /* CCActionFollow+CurrentOffset.h */,
				6207EC2B196DF2CB00124536 /* CCActionFollow+CurrentOffset.m */,
			);
			name = Source;
			sourceTree = "<group>";
		};
		B7378941180761A80076A88C /* Products */ = {
			isa = PBXGroup;
			children = (
				B737894B180761A90076A88C /* libcocos2d.a */,
			);
			name = Products;
			sourceTree = "<group>";
		};
		B73789911807667A0076A88C /* Icons */ = {
			isa = PBXGroup;
			children = (
				B71F5907188484E7003F4D28 /* iPad-old.png */,
				B71F5908188484E7003F4D28 /* iPad-old@2x.png */,
				B71F5909188484E7003F4D28 /* iPad.png */,
				B71F590A188484E7003F4D28 /* iPad@2x.png */,
				B71F590B188484E7003F4D28 /* iPhone-old.png */,
				B71F590C188484E7003F4D28 /* iPhone-old@2x.png */,
				B71F590D188484E7003F4D28 /* iPhone.png */,
				B71F590E188484E7003F4D28 /* iPhone@2x.png */,
				B71F590F188484E7003F4D28 /* Settings.png */,
				B71F5910188484E7003F4D28 /* Settings@2x.png */,
				B737896B180762440076A88C /* Default-568h@2x.png */,
				B737896C180762440076A88C /* Default-Landscape~ipad.png */,
				B737896D180762440076A88C /* Default.png */,
				B737896E180762440076A88C /* Default@2x.png */,
			);
			name = Icons;
			sourceTree = "<group>";
		};
		B77F1B2517B978D7009739AE = {
			isa = PBXGroup;
			children = (
				B737893C1807616C0076A88C /* Source */,
				B77F1B4617B978D7009739AE /* Resources */,
				9222E2B918734FF800A246C7 /* libs */,
				B77F1CCF17B978D8009739AE /* Supporting Files */,
				B77F1B3017B978D7009739AE /* Frameworks */,
				B77F1B2F17B978D7009739AE /* Products */,
			);
			sourceTree = "<group>";
		};
		B77F1B2F17B978D7009739AE /* Products */ = {
			isa = PBXGroup;
			children = (
				B77F1B2E17B978D7009739AE /* Parasitic Souls.app */,
			);
			name = Products;
			sourceTree = "<group>";
		};
		B77F1B3017B978D7009739AE /* Frameworks */ = {
			isa = PBXGroup;
			children = (
				6224FF0019A73A63000D38A3 /* mgwuSDK.embeddedframework */,
				6224FEF919A73731000D38A3 /* Twitter.framework */,
				6224FEF719A7372C000D38A3 /* SystemConfiguration.framework */,
				6224FEF519A73725000D38A3 /* StoreKit.framework */,
				6224FEF319A7371F000D38A3 /* Social.framework */,
				6224FEF119A73719000D38A3 /* Security.framework */,
				6224FEEF19A73711000D38A3 /* MessageUI.framework */,
				6224FEED19A73709000D38A3 /* libicucore.dylib */,
				6224FEEB19A736FE000D38A3 /* CoreTelephony.framework */,
				6224FEE919A736F7000D38A3 /* CFNetwork.framework */,
				6224FEE719A736EE000D38A3 /* AdSupport.framework */,
				6224FEE419A736DF000D38A3 /* Accounts.framework */,
				8392007918EE8E3300B6C429 /* GLKit.framework */,
				B7B3713D180358F1007369CC /* libObjectiveChipmunk.a */,
				B77F1B3117B978D7009739AE /* QuartzCore.framework */,
				B77F1B3317B978D7009739AE /* OpenGLES.framework */,
				B77F1B3517B978D7009739AE /* OpenAL.framework */,
				B77F1B3717B978D7009739AE /* AudioToolbox.framework */,
				B77F1B3917B978D7009739AE /* AVFoundation.framework */,
				B77F1B3B17B978D7009739AE /* UIKit.framework */,
				B77F1B3D17B978D7009739AE /* Foundation.framework */,
				B77F1B3F17B978D7009739AE /* CoreGraphics.framework */,
				B77F1B4117B978D7009739AE /* CoreText.framework */,
			);
			name = Frameworks;
			sourceTree = "<group>";
		};
		B77F1B4617B978D7009739AE /* Resources */ = {
			isa = PBXGroup;
			children = (
				6252A2CC19A4316F007E11E7 /* INTRO.mp3 */,
				6252A2D019A437FA007E11E7 /* click.mp3 */,
				6252A2CE19A43408007E11E7 /* Battle.mp3 */,
				62A15654199D52C100FF1B32 /* actual.xcassets */,
				62711D56199D3D3B00E822A4 /* Images.xcassets */,
				B73789911807667A0076A88C /* Icons */,
				B737893A180761570076A88C /* Published-iOS */,
				62E42CE319714B9E0009817F /* Property List.plist */,
			);
			name = Resources;
			path = Source/Resources;
			sourceTree = "<group>";
		};
		B77F1CCF17B978D8009739AE /* Supporting Files */ = {
			isa = PBXGroup;
			children = (
				B73789851807631A0076A88C /* main.m */,
				B73789861807631A0076A88C /* Prefix.pch */,
			);
			name = "Supporting Files";
			sourceTree = "<group>";
		};
/* End PBXGroup section */

/* Begin PBXNativeTarget section */
		B77F1B2D17B978D7009739AE /* Parasitic Souls */ = {
			isa = PBXNativeTarget;
			buildConfigurationList = B77F1CDE17B978D8009739AE /* Build configuration list for PBXNativeTarget "Parasitic Souls" */;
			buildPhases = (
				D2E0167A18D782EC00927430 /* Run Script */,
				B77F1B2A17B978D7009739AE /* Sources */,
				B77F1B2B17B978D7009739AE /* Frameworks */,
				B77F1B2C17B978D7009739AE /* Resources */,
			);
			buildRules = (
			);
			dependencies = (
				B7378989180764180076A88C /* PBXTargetDependency */,
			);
			name = "Parasitic Souls";
			productName = Example;
			productReference = B77F1B2E17B978D7009739AE /* Parasitic Souls.app */;
			productType = "com.apple.product-type.application";
		};
/* End PBXNativeTarget section */

/* Begin PBXProject section */
		B77F1B2617B978D7009739AE /* Project object */ = {
			isa = PBXProject;
			attributes = {
				LastUpgradeCheck = 0510;
				ORGANIZATIONNAME = Apportable;
				TargetAttributes = {
					B77F1B2D17B978D7009739AE = {
						DevelopmentTeam = SBVP8ED765;
						SystemCapabilities = {
							com.apple.GameCenter = {
								enabled = 0;
							};
						};
					};
				};
			};
			buildConfigurationList = B77F1B2917B978D7009739AE /* Build configuration list for PBXProject "Parasitic Souls" */;
			compatibilityVersion = "Xcode 3.2";
			developmentRegion = English;
			hasScannedForEncodings = 0;
			knownRegions = (
				en,
			);
			mainGroup = B77F1B2517B978D7009739AE;
			productRefGroup = B77F1B2F17B978D7009739AE /* Products */;
			projectDirPath = "";
			projectReferences = (
				{
					ProductGroup = B7378941180761A80076A88C /* Products */;
					ProjectRef = B7378940180761A80076A88C /* cocos2d-ios.xcodeproj */;
				},
			);
			projectRoot = "";
			targets = (
				B77F1B2D17B978D7009739AE /* Parasitic Souls */,
			);
		};
/* End PBXProject section */

/* Begin PBXReferenceProxy section */
		B737894B180761A90076A88C /* libcocos2d.a */ = {
			isa = PBXReferenceProxy;
			fileType = archive.ar;
			path = libcocos2d.a;
			remoteRef = B737894A180761A90076A88C /* PBXContainerItemProxy */;
			sourceTree = BUILT_PRODUCTS_DIR;
		};
/* End PBXReferenceProxy section */

/* Begin PBXResourcesBuildPhase section */
		B77F1B2C17B978D7009739AE /* Resources */ = {
			isa = PBXResourcesBuildPhase;
			buildActionMask = 2147483647;
			files = (
				6224FF5819A73A63000D38A3 /* hipmob.back.btn.png in Resources */,
				6224FF8519A73A63000D38A3 /* mgwuPlaceholderIconDark.png in Resources */,
				B71F5919188484E7003F4D28 /* Settings.png in Resources */,
				6224FF7219A73A63000D38A3 /* MGWUBackgroundDark-Landscape@2x~iphone.png in Resources */,
				6224FF8419A73A63000D38A3 /* mgwuPlaceholderIcon@2x.png in Resources */,
				6224FF8A19A73A63000D38A3 /* send-button-active.png in Resources */,
				6224FF7D19A73A63000D38A3 /* MGWUFacebookLoginPortrait.nib in Resources */,
				6224FF7419A73A63000D38A3 /* MGWUBackgroundDark-Landscape~iphone.png in Resources */,
				6224FF4E19A73A63000D38A3 /* FBLoginButton.png in Resources */,
				6224FF5019A73A63000D38A3 /* FBLoginButtonPressed.png in Resources */,
				62A15655199D52C100FF1B32 /* actual.xcassets in Resources */,
				B7378978180762440076A88C /* Default@2x.png in Resources */,
				6224FF4919A73A63000D38A3 /* aqua.png in Resources */,
				B71F5914188484E7003F4D28 /* iPad@2x.png in Resources */,
				6252A2CF19A43408007E11E7 /* Battle.mp3 in Resources */,
				B71F5913188484E7003F4D28 /* iPad.png in Resources */,
				6224FF8319A73A63000D38A3 /* mgwuPlaceholderIcon.png in Resources */,
				6224FF7019A73A63000D38A3 /* MGWUBackground-Portrait~iphone.png in Resources */,
				6224FF5119A73A63000D38A3 /* FBLoginButtonPressed@2x.png in Resources */,
				6224FF6319A73A63000D38A3 /* MGWUAboutFooter-Landscape~ipad.png in Resources */,
				6224FF8C19A73A63000D38A3 /* send-button-instate.png in Resources */,
				6224FF5E19A73A63000D38A3 /* mgwu-m.png in Resources */,
				6224FF5A19A73A63000D38A3 /* hipmobsend_field.png in Resources */,
				B71F5912188484E7003F4D28 /* iPad-old@2x.png in Resources */,
				B71F5916188484E7003F4D28 /* iPhone-old@2x.png in Resources */,
				6224FF4A19A73A63000D38A3 /* bluechatbubble.png in Resources */,
				6224FF5D19A73A63000D38A3 /* mgwu-gk-notification@2x.png in Resources */,
				B737893B180761570076A88C /* Published-iOS in Resources */,
				6224FF6019A73A63000D38A3 /* MGWUAboutFooter-Landscape-568h@2x~iphone.png in Resources */,
				B71F591A188484E7003F4D28 /* Settings@2x.png in Resources */,
				6224FF6719A73A63000D38A3 /* MGWUAboutFooter-Portrait~ipad.png in Resources */,
				6224FF7519A73A63000D38A3 /* MGWUBackgroundDark-Portrait@2x~ipad.png in Resources */,
				6224FF6D19A73A63000D38A3 /* MGWUBackground-Portrait@2x~ipad.png in Resources */,
				6224FF5F19A73A63000D38A3 /* mgwu-m@2x.png in Resources */,
				6224FF6919A73A63000D38A3 /* MGWUBackground-Landscape@2x~ipad.png in Resources */,
				6224FF6E19A73A63000D38A3 /* MGWUBackground-Portrait@2x~iphone.png in Resources */,
				6224FF6819A73A63000D38A3 /* MGWUAboutFooter-Portrait~iphone.png in Resources */,
				B7378976180762440076A88C /* Default-Landscape~ipad.png in Resources */,
				6224FF6519A73A63000D38A3 /* MGWUAboutFooter-Portrait@2x~ipad.png in Resources */,
				6224FF4D19A73A63000D38A3 /* fb_connect.png in Resources */,
				6224FF8819A73A63000D38A3 /* operator.connecting.png in Resources */,
				6224FF6A19A73A63000D38A3 /* MGWUBackground-Landscape@2x~iphone.png in Resources */,
				6224FF7A19A73A63000D38A3 /* MGWUClose@2x.png in Resources */,
				6224FF7F19A73A63000D38A3 /* mgwuLogo.png in Resources */,
				6224FF7319A73A63000D38A3 /* MGWUBackgroundDark-Landscape~ipad.png in Resources */,
				6224FF8719A73A63000D38A3 /* operator.available.png in Resources */,
				6224FF6219A73A63000D38A3 /* MGWUAboutFooter-Landscape@2x~iphone.png in Resources */,
				6224FF5B19A73A63000D38A3 /* hipmobsend_field@2x.png in Resources */,
				6224FF6F19A73A63000D38A3 /* MGWUBackground-Portrait~ipad.png in Resources */,
				6224FF5219A73A63000D38A3 /* FBNoThanksButton.png in Resources */,
				6224FF7719A73A63000D38A3 /* MGWUBackgroundDark-Portrait~ipad.png in Resources */,
				62711D57199D3D3B00E822A4 /* Images.xcassets in Resources */,
				6224FF4C19A73A63000D38A3 /* FacebookIcon.png in Resources */,
				6224FF8B19A73A63000D38A3 /* send-button-inactive.png in Resources */,
				6224FF7919A73A63000D38A3 /* MGWUClose.png in Resources */,
				B71F5915188484E7003F4D28 /* iPhone-old.png in Resources */,
				6224FF5619A73A63000D38A3 /* green.png in Resources */,
				6252A2D119A437FA007E11E7 /* click.mp3 in Resources */,
				6224FF7B19A73A63000D38A3 /* MGWUFacebookLoginLandscape.nib in Resources */,
				6224FF7119A73A63000D38A3 /* MGWUBackgroundDark-Landscape@2x~ipad.png in Resources */,
				6224FF6C19A73A63000D38A3 /* MGWUBackground-Landscape~iphone.png in Resources */,
				B71F5917188484E7003F4D28 /* iPhone.png in Resources */,
				62B0BD38197D8373005ED9DE /* README.md in Resources */,
				6224FF7E19A73A63000D38A3 /* MGWUFacebookLoginPortraitDark.nib in Resources */,
				6224FF6419A73A63000D38A3 /* MGWUAboutFooter-Landscape~iphone.png in Resources */,
				6224FF5419A73A63000D38A3 /* FBNoThanksButtonPressed.png in Resources */,
				6224FF8619A73A63000D38A3 /* mgwuPlaceholderIconDark@2x.png in Resources */,
				6224FF7619A73A63000D38A3 /* MGWUBackgroundDark-Portrait@2x~iphone.png in Resources */,
				6224FF8019A73A63000D38A3 /* mgwuLogo@2x.png in Resources */,
				B7378975180762440076A88C /* Default-568h@2x.png in Resources */,
				6252A2CD19A4316F007E11E7 /* INTRO.mp3 in Resources */,
				6224FF8D19A73A63000D38A3 /* send-field-landscape.png in Resources */,
				B71F5918188484E7003F4D28 /* iPhone@2x.png in Resources */,
				6224FF4F19A73A63000D38A3 /* FBLoginButton@2x.png in Resources */,
				6224FF6B19A73A63000D38A3 /* MGWUBackground-Landscape~ipad.png in Resources */,
				6224FF8919A73A63000D38A3 /* operator.unavailable.png in Resources */,
				6224FF5919A73A63000D38A3 /* hipmob.send.png in Resources */,
				6224FF5719A73A63000D38A3 /* grey-background.png in Resources */,
				6224FF8219A73A63000D38A3 /* mgwuLogoDark@2x.png in Resources */,
				6224FF7819A73A63000D38A3 /* MGWUBackgroundDark-Portrait~iphone.png in Resources */,
				6224FF5319A73A63000D38A3 /* FBNoThanksButton@2x.png in Resources */,
				6224FF6619A73A63000D38A3 /* MGWUAboutFooter-Portrait@2x~iphone.png in Resources */,
				6224FF5519A73A63000D38A3 /* FBNoThanksButtonPressed@2x.png in Resources */,
				B7378977180762440076A88C /* Default.png in Resources */,
				6224FF5C19A73A63000D38A3 /* mgwu-gk-notification.png in Resources */,
				62E42CE419714B9E0009817F /* Property List.plist in Resources */,
				B71F5911188484E7003F4D28 /* iPad-old.png in Resources */,
				6224FF8119A73A63000D38A3 /* mgwuLogoDark.png in Resources */,
				6224FF7C19A73A63000D38A3 /* MGWUFacebookLoginLandscapeDark.nib in Resources */,
				6224FF4B19A73A63000D38A3 /* CrossPromoViewController.nib in Resources */,
				6224FF6119A73A63000D38A3 /* MGWUAboutFooter-Landscape@2x~ipad.png in Resources */,
			);
			runOnlyForDeploymentPostprocessing = 0;
		};
/* End PBXResourcesBuildPhase section */

/* Begin PBXShellScriptBuildPhase section */
		D2E0167A18D782EC00927430 /* Run Script */ = {
			isa = PBXShellScriptBuildPhase;
			buildActionMask = 2147483647;
			files = (
			);
			inputPaths = (
			);
			name = "Run Script";
			outputPaths = (
			);
			runOnlyForDeploymentPostprocessing = 0;
			shellPath = /bin/sh;
			shellScript = "osascript -e 'tell application \"System Events\"' -e 'set ProcessList to name of every process' -e 'if \"SpriteBuilder\" is in ProcessList then' -e 'tell application \"SpriteBuilder\" to publish' -e 'end if' -e 'end tell'";
		};
/* End PBXShellScriptBuildPhase section */

/* Begin PBXSourcesBuildPhase section */
		B77F1B2A17B978D7009739AE /* Sources */ = {
			isa = PBXSourcesBuildPhase;
			buildActionMask = 2147483647;
			files = (
				62F3E981197160BB0036F514 /* MoveNode.m in Sources */,
				62E42CE2197148AD0009817F /* LocationSelect.m in Sources */,
				62B0BD41197EA81F005ED9DE /* GameOver.m in Sources */,
				622812001965F7F2008EEB5F /* Creature.m in Sources */,
				62E42CCF19706AC60009817F /* Intro.m in Sources */,
				622E28EB198BD4B600F5C128 /* MoveButton.m in Sources */,
				62B0BD44197F0EF4005ED9DE /* CreatureNode.m in Sources */,
				B737893F1807617C0076A88C /* AppDelegate.m in Sources */,
				62BC5D211989703C001A25D5 /* PopUp.m in Sources */,
				62B0BD3C197DA0D3005ED9DE /* CreatureQueue.m in Sources */,
				B7378994180767190076A88C /* MainScene.m in Sources */,
				6252A2C7199FF166007E11E7 /* DemoScene.m in Sources */,
				62B0BD4F198127A4005ED9DE /* ButtonSet.m in Sources */,
				6207EC2C196DF2CB00124536 /* CCActionFollow+CurrentOffset.m in Sources */,
				6232F03E1971EC0C00B62F58 /* SwipeSet.m in Sources */,
				62B0BD5519812BE8005ED9DE /* PauseMenu.m in Sources */,
				62B4D0DD198570A8007790EB /* MyScrollView.m in Sources */,
				62E42CD719708CFE0009817F /* DeadBody.m in Sources */,
				62C1EDAA19911A8B002C3600 /* Tutorial.m in Sources */,
				62BEFCF21978936700B9FFE1 /* Attack.m in Sources */,
				62BC5D25198AC6A7001A25D5 /* GameData.m in Sources */,
				62F3E98C19716BB90036F514 /* MoveConfiguration.m in Sources */,
				B73789871807631A0076A88C /* main.m in Sources */,
				62E42CDE1971489E0009817F /* DataSelect.m in Sources */,
				62C1EDAD1992894B002C3600 /* LevelUp.m in Sources */,
				62A15658199E5DEA00FF1B32 /* PopUp3.m in Sources */,
				62B0BD5219812968005ED9DE /* ButtonOptions.m in Sources */,
			);
			runOnlyForDeploymentPostprocessing = 0;
		};
/* End PBXSourcesBuildPhase section */

/* Begin PBXTargetDependency section */
		B7378989180764180076A88C /* PBXTargetDependency */ = {
			isa = PBXTargetDependency;
			name = cocos2d;
			targetProxy = B7378988180764180076A88C /* PBXContainerItemProxy */;
		};
/* End PBXTargetDependency section */

/* Begin XCBuildConfiguration section */
		B77F1CDC17B978D8009739AE /* Debug */ = {
			isa = XCBuildConfiguration;
			buildSettings = {
				CLANG_WARN_BOOL_CONVERSION = YES;
				CLANG_WARN_CONSTANT_CONVERSION = YES;
				CLANG_WARN_EMPTY_BODY = YES;
				CLANG_WARN_ENUM_CONVERSION = YES;
				CLANG_WARN_INT_CONVERSION = YES;
				CLANG_WARN__DUPLICATE_METHOD_MATCH = YES;
				"CODE_SIGN_IDENTITY[sdk=iphoneos*]" = "iPhone Developer";
				GCC_C_LANGUAGE_STANDARD = gnu99;
				GCC_OPTIMIZATION_LEVEL = 0;
				GCC_PREPROCESSOR_DEFINITIONS = (
					DEBUG,
					"COCOS2D_DEBUG=1",
				);
				GCC_SYMBOLS_PRIVATE_EXTERN = NO;
				GCC_VERSION = com.apple.compilers.llvm.clang.1_0;
				GCC_WARN_64_TO_32_BIT_CONVERSION = YES;
				GCC_WARN_ABOUT_RETURN_TYPE = YES;
				GCC_WARN_UNDECLARED_SELECTOR = YES;
				GCC_WARN_UNINITIALIZED_AUTOS = YES;
				GCC_WARN_UNUSED_FUNCTION = YES;
				GCC_WARN_UNUSED_VARIABLE = YES;
				IPHONEOS_DEPLOYMENT_TARGET = 4.0;
				ONLY_ACTIVE_ARCH = YES;
				OTHER_LDFLAGS = "";
				SDKROOT = iphoneos;
				TARGETED_DEVICE_FAMILY = "1,2";
			};
			name = Debug;
		};
		B77F1CDD17B978D8009739AE /* Release */ = {
			isa = XCBuildConfiguration;
			buildSettings = {
				CLANG_WARN_BOOL_CONVERSION = YES;
				CLANG_WARN_CONSTANT_CONVERSION = YES;
				CLANG_WARN_EMPTY_BODY = YES;
				CLANG_WARN_ENUM_CONVERSION = YES;
				CLANG_WARN_INT_CONVERSION = YES;
				CLANG_WARN__DUPLICATE_METHOD_MATCH = YES;
				"CODE_SIGN_IDENTITY[sdk=iphoneos*]" = "iPhone Developer";
				GCC_C_LANGUAGE_STANDARD = gnu99;
				GCC_PREPROCESSOR_DEFINITIONS = (
					NDEBUG,
					"NS_BLOCK_ASSERTIONS=1",
				);
				GCC_VERSION = com.apple.compilers.llvm.clang.1_0;
				GCC_WARN_64_TO_32_BIT_CONVERSION = YES;
				GCC_WARN_ABOUT_RETURN_TYPE = YES;
				GCC_WARN_UNDECLARED_SELECTOR = YES;
				GCC_WARN_UNINITIALIZED_AUTOS = YES;
				GCC_WARN_UNUSED_FUNCTION = YES;
				GCC_WARN_UNUSED_VARIABLE = YES;
				IPHONEOS_DEPLOYMENT_TARGET = 4.0;
				OTHER_LDFLAGS = "";
				SDKROOT = iphoneos;
				TARGETED_DEVICE_FAMILY = "1,2";
			};
			name = Release;
		};
		B77F1CDF17B978D8009739AE /* Debug */ = {
			isa = XCBuildConfiguration;
			buildSettings = {
				ALWAYS_SEARCH_USER_PATHS = NO;
				ASSETCATALOG_COMPILER_APPICON_NAME = Actual;
				ASSETCATALOG_COMPILER_LAUNCHIMAGE_NAME = LaunchImage;
				CLANG_ENABLE_OBJC_ARC = YES;
				CODE_SIGN_IDENTITY = "iPhone Developer";
				"CODE_SIGN_IDENTITY[sdk=iphoneos*]" = "iPhone Developer";
				COPY_PHASE_STRIP = NO;
				FRAMEWORK_SEARCH_PATHS = (
					"$(inherited)",
					"$(PROJECT_DIR)/mgwuSDK.embeddedframework",
				);
				GCC_DYNAMIC_NO_PIC = NO;
				GCC_PRECOMPILE_PREFIX_HEADER = YES;
				GCC_PREFIX_HEADER = Source/Prefix.pch;
				HEADER_SEARCH_PATHS = (
					"\"Source/libs/cocos2d-iphone/external/kazmath/include\"/**",
					"\"Source/libs/cocos2d-iphone/cocos2d\"/**",
					"Source/libs/cocos2d-iphone/external/Chipmunk/objectivec/include",
					"Source/libs/cocos2d-iphone/external/Chipmunk/include",
					"\"Source/libs/cocos2d-iphone/cocos2d-ui\"/**",
					"\"Source/libs/cocos2d-iphone/external/ObjectAL\"/**",
				);
				INFOPLIST_FILE = Source/Resources/Info.plist;
				IPHONEOS_DEPLOYMENT_TARGET = 5.0;
				ONLY_ACTIVE_ARCH = YES;
				OTHER_LDFLAGS = (
					"-lz",
					"-lsqlite3",
					"-ObjC",
					"-lsqlite3.0",
				);
				PRODUCT_NAME = "Parasitic Souls";
				PROVISIONING_PROFILE = "098B0293-C31E-46A6-BA31-372DCC7A8CEA";
				WRAPPER_EXTENSION = app;
			};
			name = Debug;
		};
		B77F1CE017B978D8009739AE /* Release */ = {
			isa = XCBuildConfiguration;
			buildSettings = {
				ALWAYS_SEARCH_USER_PATHS = NO;
				ASSETCATALOG_COMPILER_APPICON_NAME = Actual;
				ASSETCATALOG_COMPILER_LAUNCHIMAGE_NAME = LaunchImage;
				CLANG_ENABLE_OBJC_ARC = YES;
				CODE_SIGN_IDENTITY = "iPhone Developer";
				"CODE_SIGN_IDENTITY[sdk=iphoneos*]" = "iPhone Developer";
				COPY_PHASE_STRIP = YES;
				FRAMEWORK_SEARCH_PATHS = (
					"$(inherited)",
					"$(PROJECT_DIR)/mgwuSDK.embeddedframework",
				);
				GCC_PRECOMPILE_PREFIX_HEADER = YES;
				GCC_PREFIX_HEADER = Source/Prefix.pch;
				HEADER_SEARCH_PATHS = (
					"\"Source/libs/cocos2d-iphone/external/kazmath/include\"/**",
					"\"Source/libs/cocos2d-iphone/cocos2d\"/**",
					"Source/libs/cocos2d-iphone/external/Chipmunk/objectivec/include",
					"Source/libs/cocos2d-iphone/external/Chipmunk/include",
					"\"Source/libs/cocos2d-iphone/cocos2d-ui\"/**",
					"\"Source/libs/cocos2d-iphone/external/ObjectAL\"/**",
				);
				INFOPLIST_FILE = Source/Resources/Info.plist;
				IPHONEOS_DEPLOYMENT_TARGET = 5.0;
				OTHER_LDFLAGS = (
					"-lz",
					"-lsqlite3",
					"-ObjC",
					"-lsqlite3.0",
				);
				PRODUCT_NAME = "Parasitic Souls";
				PROVISIONING_PROFILE = "098B0293-C31E-46A6-BA31-372DCC7A8CEA";
				VALIDATE_PRODUCT = YES;
				WRAPPER_EXTENSION = app;
			};
			name = Release;
		};
/* End XCBuildConfiguration section */

/* Begin XCConfigurationList section */
		B77F1B2917B978D7009739AE /* Build configuration list for PBXProject "Parasitic Souls" */ = {
			isa = XCConfigurationList;
			buildConfigurations = (
				B77F1CDC17B978D8009739AE /* Debug */,
				B77F1CDD17B978D8009739AE /* Release */,
			);
			defaultConfigurationIsVisible = 0;
			defaultConfigurationName = Release;
		};
		B77F1CDE17B978D8009739AE /* Build configuration list for PBXNativeTarget "Parasitic Souls" */ = {
			isa = XCConfigurationList;
			buildConfigurations = (
				B77F1CDF17B978D8009739AE /* Debug */,
				B77F1CE017B978D8009739AE /* Release */,
			);
			defaultConfigurationIsVisible = 0;
			defaultConfigurationName = Release;
		};
/* End XCConfigurationList section */
	};
	rootObject = B77F1B2617B978D7009739AE /* Project object */;
}
